// !$*UTF8*$!
{
	archiveVersion = 1;
	classes = {
	};
	objectVersion = 50;
	objects = {

/* Begin PBXBuildFile section */
		0B0CC0B5257498D000D54B6C /* KeyValueObserver.m in Sources */ = {isa = PBXBuildFile; fileRef = 0B0CC0B4257498D000D54B6C /* KeyValueObserver.m */; };
		0B0CC0BB2574C69C00D54B6C /* ColorConvertor.m in Sources */ = {isa = PBXBuildFile; fileRef = 0B0CC0BA2574C69C00D54B6C /* ColorConvertor.m */; };
		0B0CC0C22574CADB00D54B6C /* ColorConvertorViewController.m in Sources */ = {isa = PBXBuildFile; fileRef = 0B0CC0C02574CADB00D54B6C /* ColorConvertorViewController.m */; };
		0B0CC0C32574CADB00D54B6C /* ColorConvertorViewController.xib in Resources */ = {isa = PBXBuildFile; fileRef = 0B0CC0C12574CADB00D54B6C /* ColorConvertorViewController.xib */; };
		0B0CC0D82574E94000D54B6C /* MessageViewController.m in Sources */ = {isa = PBXBuildFile; fileRef = 0B0CC0D72574E94000D54B6C /* MessageViewController.m */; };
		0B0CC0E42577306700D54B6C /* ClassmateContact.m in Sources */ = {isa = PBXBuildFile; fileRef = 0B0CC0E32577306700D54B6C /* ClassmateContact.m */; };
		0B0CC0EE2577310100D54B6C /* ClassmateContactViewController.m in Sources */ = {isa = PBXBuildFile; fileRef = 0B0CC0EC2577310100D54B6C /* ClassmateContactViewController.m */; };
		0B0CC0EF2577310100D54B6C /* ClassmateContactViewController.xib in Resources */ = {isa = PBXBuildFile; fileRef = 0B0CC0ED2577310100D54B6C /* ClassmateContactViewController.xib */; };
		0B0CC0FB257772E500D54B6C /* KVCTransaction.m in Sources */ = {isa = PBXBuildFile; fileRef = 0B0CC0FA257772E500D54B6C /* KVCTransaction.m */; };
		0B0CC107257868F200D54B6C /* BaseUIViewController.m in Sources */ = {isa = PBXBuildFile; fileRef = 0B0CC106257868F200D54B6C /* BaseUIViewController.m */; };
		0B0CC11525786EF500D54B6C /* NSArrayOperation.m in Sources */ = {isa = PBXBuildFile; fileRef = 0B0CC11425786EF500D54B6C /* NSArrayOperation.m */; };
		0B0CC11F25786F5F00D54B6C /* WRProduct.m in Sources */ = {isa = PBXBuildFile; fileRef = 0B0CC11D25786F5F00D54B6C /* WRProduct.m */; };
		0B0CC12525786FFD00D54B6C /* NSDictionaryOperation.m in Sources */ = {isa = PBXBuildFile; fileRef = 0B0CC12425786FFD00D54B6C /* NSDictionaryOperation.m */; };
		0B0CC12B2578707500D54B6C /* CollectionViewController.m in Sources */ = {isa = PBXBuildFile; fileRef = 0B0CC12A2578707500D54B6C /* CollectionViewController.m */; };
		0B104A1325A581A20033095B /* FaceDetectionViewController.m in Sources */ = {isa = PBXBuildFile; fileRef = 0B104A1225A581A20033095B /* FaceDetectionViewController.m */; };
		0B104A1E25A59F8F0033095B /* shannon.jpg in Resources */ = {isa = PBXBuildFile; fileRef = 0B104A1D25A59F8F0033095B /* shannon.jpg */; };
		0B104A2625A5A5A40033095B /* auction.jpg in Resources */ = {isa = PBXBuildFile; fileRef = 0B104A2525A5A5A40033095B /* auction.jpg */; };
		0B104A3125A5ABA50033095B /* stevejobs.jpg in Resources */ = {isa = PBXBuildFile; fileRef = 0B104A3025A5ABA50033095B /* stevejobs.jpg */; };
		0B104A3925A5AD870033095B /* family.png in Resources */ = {isa = PBXBuildFile; fileRef = 0B104A3825A5AD870033095B /* family.png */; };
		0B4BC2D02586F94A001514EA /* QuartzPatternViewExample.m in Sources */ = {isa = PBXBuildFile; fileRef = 0B4BC2CF2586F94A001514EA /* QuartzPatternViewExample.m */; };
		0B4BC2D625870476001514EA /* QuartzGradientViewExample.m in Sources */ = {isa = PBXBuildFile; fileRef = 0B4BC2D525870476001514EA /* QuartzGradientViewExample.m */; };
		0B4BC2DC25870E35001514EA /* QuartzShadingViewExample.m in Sources */ = {isa = PBXBuildFile; fileRef = 0B4BC2DB25870E35001514EA /* QuartzShadingViewExample.m */; };
		0B4BC2E22587139A001514EA /* QuartzTransparentLayer.m in Sources */ = {isa = PBXBuildFile; fileRef = 0B4BC2E12587139A001514EA /* QuartzTransparentLayer.m */; };
		0B656609256CA25300F09E60 /* BlockExample.m in Sources */ = {isa = PBXBuildFile; fileRef = 0B656608256CA25300F09E60 /* BlockExample.m */; };
		0B8966D52580BCED003F2DBC /* QuartzManagerViewController.m in Sources */ = {isa = PBXBuildFile; fileRef = 0B8966D42580BCED003F2DBC /* QuartzManagerViewController.m */; };
		0B8966DE2580BD3A003F2DBC /* QuartzBaseViewController.m in Sources */ = {isa = PBXBuildFile; fileRef = 0B8966DD2580BD3A003F2DBC /* QuartzBaseViewController.m */; };
		0B8966E42580C323003F2DBC /* WRQuartzSnippetItem.m in Sources */ = {isa = PBXBuildFile; fileRef = 0B8966E32580C323003F2DBC /* WRQuartzSnippetItem.m */; };
		0B8966F12580C667003F2DBC /* QuartzPathViewExample.m in Sources */ = {isa = PBXBuildFile; fileRef = 0B8966F02580C667003F2DBC /* QuartzPathViewExample.m */; };
		0B8966FB2581F98F003F2DBC /* QuartzTransformViewExample.m in Sources */ = {isa = PBXBuildFile; fileRef = 0B8966FA2581F98F003F2DBC /* QuartzTransformViewExample.m */; };
		0B9E6E9C2589AA6600286DD0 /* CoreImageSnippetItem.m in Sources */ = {isa = PBXBuildFile; fileRef = 0B9E6E9B2589AA6600286DD0 /* CoreImageSnippetItem.m */; };
		0B9E6EAA2589AB2600286DD0 /* CoreImageManageViewController.m in Sources */ = {isa = PBXBuildFile; fileRef = 0B9E6EA92589AB2600286DD0 /* CoreImageManageViewController.m */; };
		0B9E6EC12589ABF400286DD0 /* SingleCIFilterViewController.m in Sources */ = {isa = PBXBuildFile; fileRef = 0B9E6EBF2589ABF400286DD0 /* SingleCIFilterViewController.m */; };
		0B9E6EC22589ABF400286DD0 /* SingleCIFilterViewController.xib in Resources */ = {isa = PBXBuildFile; fileRef = 0B9E6EC02589ABF400286DD0 /* SingleCIFilterViewController.xib */; };
		0B9E6EC72589AECC00286DD0 /* blackboard.jpg in Resources */ = {isa = PBXBuildFile; fileRef = 0B9E6EC62589AECC00286DD0 /* blackboard.jpg */; };
		0B9E6ED22589F6F600286DD0 /* CIFilterInputModel.m in Sources */ = {isa = PBXBuildFile; fileRef = 0B9E6ED12589F6F600286DD0 /* CIFilterInputModel.m */; };
		0B9E6EDB2589F76000286DD0 /* CIFilterAttributePanel.m in Sources */ = {isa = PBXBuildFile; fileRef = 0B9E6EDA2589F76000286DD0 /* CIFilterAttributePanel.m */; };
		0B9E6EE5258ADE2100286DD0 /* CIFilterInputView.m in Sources */ = {isa = PBXBuildFile; fileRef = 0B9E6EE4258ADE2100286DD0 /* CIFilterInputView.m */; };
		0B9E6EEB258AEEAF00286DD0 /* CIFilterInputViewModel.m in Sources */ = {isa = PBXBuildFile; fileRef = 0B9E6EEA258AEEAF00286DD0 /* CIFilterInputViewModel.m */; };
		0B9E6EF1258AFBD700286DD0 /* MultiCIFiltersViewController.m in Sources */ = {isa = PBXBuildFile; fileRef = 0B9E6EF0258AFBD700286DD0 /* MultiCIFiltersViewController.m */; };
		0BB749E725678E74004E1373 /* NSRunTimeViewController.m in Sources */ = {isa = PBXBuildFile; fileRef = 0BB749E625678E74004E1373 /* NSRunTimeViewController.m */; };
		0BC78B1C248F77E30037F815 /* AppDelegate.m in Sources */ = {isa = PBXBuildFile; fileRef = 0BC78B1B248F77E30037F815 /* AppDelegate.m */; };
		0BC78B1F248F77E30037F815 /* SceneDelegate.m in Sources */ = {isa = PBXBuildFile; fileRef = 0BC78B1E248F77E30037F815 /* SceneDelegate.m */; };
		0BC78B22248F77E30037F815 /* BaseSnippetViewController.m in Sources */ = {isa = PBXBuildFile; fileRef = 0BC78B21248F77E30037F815 /* BaseSnippetViewController.m */; };
		0BC78B27248F77E90037F815 /* Assets.xcassets in Resources */ = {isa = PBXBuildFile; fileRef = 0BC78B26248F77E90037F815 /* Assets.xcassets */; };
		0BC78B2A248F77E90037F815 /* LaunchScreen.storyboard in Resources */ = {isa = PBXBuildFile; fileRef = 0BC78B28248F77E90037F815 /* LaunchScreen.storyboard */; };
		0BC78B2D248F77E90037F815 /* main.m in Sources */ = {isa = PBXBuildFile; fileRef = 0BC78B2C248F77E90037F815 /* main.m */; };
		0BC78B37248F77EA0037F815 /* SnippetsTests.m in Sources */ = {isa = PBXBuildFile; fileRef = 0BC78B36248F77EA0037F815 /* SnippetsTests.m */; };
		0BC78B42248F77EA0037F815 /* SnippetsUITests.m in Sources */ = {isa = PBXBuildFile; fileRef = 0BC78B41248F77EA0037F815 /* SnippetsUITests.m */; };
		0BD390D62562571F0050D5F8 /* WRSynchronizeExample.m in Sources */ = {isa = PBXBuildFile; fileRef = 0BD390D52562571F0050D5F8 /* WRSynchronizeExample.m */; };
		0BD390E3256375020050D5F8 /* RunLoopExample.m in Sources */ = {isa = PBXBuildFile; fileRef = 0BD390E2256375020050D5F8 /* RunLoopExample.m */; };
		0BD390F22564B1350050D5F8 /* NSRunLoopViewController.m in Sources */ = {isa = PBXBuildFile; fileRef = 0BD390F12564B1350050D5F8 /* NSRunLoopViewController.m */; };
		0BE6E961255A21F300118E14 /* NSThreadViewController1.m in Sources */ = {isa = PBXBuildFile; fileRef = 0BE6E960255A21F300118E14 /* NSThreadViewController1.m */; };
		0BE6E970255A24D400118E14 /* WRGithubUser.m in Sources */ = {isa = PBXBuildFile; fileRef = 0BE6E96F255A24D400118E14 /* WRGithubUser.m */; };
		0BE6E976255A3B4800118E14 /* WRSnippetItem.m in Sources */ = {isa = PBXBuildFile; fileRef = 0BE6E975255A3B4800118E14 /* WRSnippetItem.m */; };
		0BE6E97C255A3B5F00118E14 /* WRSnippetGroup.m in Sources */ = {isa = PBXBuildFile; fileRef = 0BE6E97B255A3B5F00118E14 /* WRSnippetGroup.m */; };
		0BE6E982255A3DBE00118E14 /* WRSnippetManager.m in Sources */ = {isa = PBXBuildFile; fileRef = 0BE6E981255A3DBE00118E14 /* WRSnippetManager.m */; };
		0BE6E994255B6C0A00118E14 /* WRGithubUserThread.m in Sources */ = {isa = PBXBuildFile; fileRef = 0BE6E993255B6C0A00118E14 /* WRGithubUserThread.m */; };
		0BE6E99A255B70D200118E14 /* NSThreadViewController2.m in Sources */ = {isa = PBXBuildFile; fileRef = 0BE6E999255B70D200118E14 /* NSThreadViewController2.m */; };
		0BE6E9A3255BB2CE00118E14 /* NSOperationExample.m in Sources */ = {isa = PBXBuildFile; fileRef = 0BE6E9A2255BB2CE00118E14 /* NSOperationExample.m */; };
		0BE6E9AF255BCD6100118E14 /* HomeViewController.m in Sources */ = {isa = PBXBuildFile; fileRef = 0BE6E9AE255BCD6100118E14 /* HomeViewController.m */; };
		0BE6E9B5255BD10C00118E14 /* ConcurrViewController.m in Sources */ = {isa = PBXBuildFile; fileRef = 0BE6E9B4255BD10C00118E14 /* ConcurrViewController.m */; };
		0BE9413524E66C9E0064E662 /* GCDGroupExample.m in Sources */ = {isa = PBXBuildFile; fileRef = 0BE9413424E66C9E0064E662 /* GCDGroupExample.m */; };
		0BE9F4C02565FF0500175FEA /* RuntimeExample.m in Sources */ = {isa = PBXBuildFile; fileRef = 0BE9F4BF2565FF0500175FEA /* RuntimeExample.m */; };
		0BFE29A7255CD65E00F7CB96 /* GCDQueueExample.m in Sources */ = {isa = PBXBuildFile; fileRef = 0BFE29A6255CD65E00F7CB96 /* GCDQueueExample.m */; };
		0BFE29B0255E28C400F7CB96 /* GCDSemaphoreExample.m in Sources */ = {isa = PBXBuildFile; fileRef = 0BFE29AF255E28C400F7CB96 /* GCDSemaphoreExample.m */; };
		0BFE29B6255E62E200F7CB96 /* GCDSourceExample.m in Sources */ = {isa = PBXBuildFile; fileRef = 0BFE29B5255E62E200F7CB96 /* GCDSourceExample.m */; };
		157A8BC02736E1B9008FCDC4 /* Communicator.m in Sources */ = {isa = PBXBuildFile; fileRef = 157A8BBF2736E1B9008FCDC4 /* Communicator.m */; };
		157A8BC3273752AB008FCDC4 /* CommunicatorViewController.m in Sources */ = {isa = PBXBuildFile; fileRef = 157A8BC2273752AB008FCDC4 /* CommunicatorViewController.m */; };
		157A8BC62737632D008FCDC4 /* NetworkViewController.m in Sources */ = {isa = PBXBuildFile; fileRef = 157A8BC52737632D008FCDC4 /* NetworkViewController.m */; };
		157A8BC927378364008FCDC4 /* TCPClient.m in Sources */ = {isa = PBXBuildFile; fileRef = 157A8BC827378364008FCDC4 /* TCPClient.m */; };
		157A8BCF2737A63B008FCDC4 /* ChatView.m in Sources */ = {isa = PBXBuildFile; fileRef = 157A8BCE2737A63B008FCDC4 /* ChatView.m */; };
		157A8BD22737A675008FCDC4 /* ChatMessage.m in Sources */ = {isa = PBXBuildFile; fileRef = 157A8BD12737A675008FCDC4 /* ChatMessage.m */; };
		157A8BD527382180008FCDC4 /* libsqlite3.tbd in Frameworks */ = {isa = PBXBuildFile; fileRef = 157A8BD427382180008FCDC4 /* libsqlite3.tbd */; };
		157A8BD9273823BF008FCDC4 /* SQLiteManager.m in Sources */ = {isa = PBXBuildFile; fileRef = 157A8BD8273823BF008FCDC4 /* SQLiteManager.m */; };
		157A8BDC2738C9BE008FCDC4 /* SQLiteChatMessage.m in Sources */ = {isa = PBXBuildFile; fileRef = 157A8BDB2738C9BE008FCDC4 /* SQLiteChatMessage.m */; };
		157A8BDF273922C0008FCDC4 /* TCPServer.m in Sources */ = {isa = PBXBuildFile; fileRef = 157A8BDE273922C0008FCDC4 /* TCPServer.m */; };
		157A8BE127394780008FCDC4 /* ChatMessageTests.m in Sources */ = {isa = PBXBuildFile; fileRef = 157A8BE027394780008FCDC4 /* ChatMessageTests.m */; };
		157A8BE4273A5436008FCDC4 /* ChatMessageQueue.m in Sources */ = {isa = PBXBuildFile; fileRef = 157A8BE3273A5436008FCDC4 /* ChatMessageQueue.m */; };
		157A8BE7273A5B78008FCDC4 /* Snippets.xcdatamodeld in Sources */ = {isa = PBXBuildFile; fileRef = 157A8BE5273A5B78008FCDC4 /* Snippets.xcdatamodeld */; };
		157A8BE9273A5C9E008FCDC4 /* CoreData.framework in Frameworks */ = {isa = PBXBuildFile; fileRef = 157A8BE8273A5C9E008FCDC4 /* CoreData.framework */; };
		157A8C74273A62B8008FCDC4 /* CoreDataChatMessage.m in Sources */ = {isa = PBXBuildFile; fileRef = 157A8C73273A62B8008FCDC4 /* CoreDataChatMessage.m */; };
/* End PBXBuildFile section */

/* Begin PBXContainerItemProxy section */
		0BC78B33248F77EA0037F815 /* PBXContainerItemProxy */ = {
			isa = PBXContainerItemProxy;
			containerPortal = 0BC78B0F248F77E30037F815 /* Project object */;
			proxyType = 1;
			remoteGlobalIDString = 0BC78B16248F77E30037F815;
			remoteInfo = Snippets;
		};
		0BC78B3E248F77EA0037F815 /* PBXContainerItemProxy */ = {
			isa = PBXContainerItemProxy;
			containerPortal = 0BC78B0F248F77E30037F815 /* Project object */;
			proxyType = 1;
			remoteGlobalIDString = 0BC78B16248F77E30037F815;
			remoteInfo = Snippets;
		};
/* End PBXContainerItemProxy section */

/* Begin PBXFileReference section */
		0B0CC0B3257498D000D54B6C /* KeyValueObserver.h */ = {isa = PBXFileReference; lastKnownFileType = sourcecode.c.h; path = KeyValueObserver.h; sourceTree = "<group>"; };
		0B0CC0B4257498D000D54B6C /* KeyValueObserver.m */ = {isa = PBXFileReference; lastKnownFileType = sourcecode.c.objc; path = KeyValueObserver.m; sourceTree = "<group>"; };
		0B0CC0B92574C69C00D54B6C /* ColorConvertor.h */ = {isa = PBXFileReference; lastKnownFileType = sourcecode.c.h; path = ColorConvertor.h; sourceTree = "<group>"; };
		0B0CC0BA2574C69C00D54B6C /* ColorConvertor.m */ = {isa = PBXFileReference; lastKnownFileType = sourcecode.c.objc; path = ColorConvertor.m; sourceTree = "<group>"; };
		0B0CC0BF2574CADB00D54B6C /* ColorConvertorViewController.h */ = {isa = PBXFileReference; lastKnownFileType = sourcecode.c.h; path = ColorConvertorViewController.h; sourceTree = "<group>"; };
		0B0CC0C02574CADB00D54B6C /* ColorConvertorViewController.m */ = {isa = PBXFileReference; lastKnownFileType = sourcecode.c.objc; path = ColorConvertorViewController.m; sourceTree = "<group>"; };
		0B0CC0C12574CADB00D54B6C /* ColorConvertorViewController.xib */ = {isa = PBXFileReference; lastKnownFileType = file.xib; path = ColorConvertorViewController.xib; sourceTree = "<group>"; };
		0B0CC0D62574E94000D54B6C /* MessageViewController.h */ = {isa = PBXFileReference; lastKnownFileType = sourcecode.c.h; path = MessageViewController.h; sourceTree = "<group>"; };
		0B0CC0D72574E94000D54B6C /* MessageViewController.m */ = {isa = PBXFileReference; lastKnownFileType = sourcecode.c.objc; path = MessageViewController.m; sourceTree = "<group>"; };
		0B0CC0E22577306700D54B6C /* ClassmateContact.h */ = {isa = PBXFileReference; lastKnownFileType = sourcecode.c.h; path = ClassmateContact.h; sourceTree = "<group>"; };
		0B0CC0E32577306700D54B6C /* ClassmateContact.m */ = {isa = PBXFileReference; lastKnownFileType = sourcecode.c.objc; path = ClassmateContact.m; sourceTree = "<group>"; };
		0B0CC0EB2577310100D54B6C /* ClassmateContactViewController.h */ = {isa = PBXFileReference; lastKnownFileType = sourcecode.c.h; path = ClassmateContactViewController.h; sourceTree = "<group>"; };
		0B0CC0EC2577310100D54B6C /* ClassmateContactViewController.m */ = {isa = PBXFileReference; lastKnownFileType = sourcecode.c.objc; path = ClassmateContactViewController.m; sourceTree = "<group>"; };
		0B0CC0ED2577310100D54B6C /* ClassmateContactViewController.xib */ = {isa = PBXFileReference; lastKnownFileType = file.xib; path = ClassmateContactViewController.xib; sourceTree = "<group>"; };
		0B0CC0F9257772E500D54B6C /* KVCTransaction.h */ = {isa = PBXFileReference; lastKnownFileType = sourcecode.c.h; path = KVCTransaction.h; sourceTree = "<group>"; };
		0B0CC0FA257772E500D54B6C /* KVCTransaction.m */ = {isa = PBXFileReference; lastKnownFileType = sourcecode.c.objc; path = KVCTransaction.m; sourceTree = "<group>"; };
		0B0CC105257868F200D54B6C /* BaseUIViewController.h */ = {isa = PBXFileReference; lastKnownFileType = sourcecode.c.h; path = BaseUIViewController.h; sourceTree = "<group>"; };
		0B0CC106257868F200D54B6C /* BaseUIViewController.m */ = {isa = PBXFileReference; lastKnownFileType = sourcecode.c.objc; path = BaseUIViewController.m; sourceTree = "<group>"; };
		0B0CC11325786EF500D54B6C /* NSArrayOperation.h */ = {isa = PBXFileReference; lastKnownFileType = sourcecode.c.h; path = NSArrayOperation.h; sourceTree = "<group>"; };
		0B0CC11425786EF500D54B6C /* NSArrayOperation.m */ = {isa = PBXFileReference; lastKnownFileType = sourcecode.c.objc; path = NSArrayOperation.m; sourceTree = "<group>"; };
		0B0CC11D25786F5F00D54B6C /* WRProduct.m */ = {isa = PBXFileReference; fileEncoding = 4; lastKnownFileType = sourcecode.c.objc; path = WRProduct.m; sourceTree = "<group>"; };
		0B0CC11E25786F5F00D54B6C /* WRProduct.h */ = {isa = PBXFileReference; fileEncoding = 4; lastKnownFileType = sourcecode.c.h; path = WRProduct.h; sourceTree = "<group>"; };
		0B0CC12325786FFD00D54B6C /* NSDictionaryOperation.h */ = {isa = PBXFileReference; lastKnownFileType = sourcecode.c.h; path = NSDictionaryOperation.h; sourceTree = "<group>"; };
		0B0CC12425786FFD00D54B6C /* NSDictionaryOperation.m */ = {isa = PBXFileReference; lastKnownFileType = sourcecode.c.objc; path = NSDictionaryOperation.m; sourceTree = "<group>"; };
		0B0CC1292578707500D54B6C /* CollectionViewController.h */ = {isa = PBXFileReference; lastKnownFileType = sourcecode.c.h; path = CollectionViewController.h; sourceTree = "<group>"; };
		0B0CC12A2578707500D54B6C /* CollectionViewController.m */ = {isa = PBXFileReference; lastKnownFileType = sourcecode.c.objc; path = CollectionViewController.m; sourceTree = "<group>"; };
		0B104A1125A581A20033095B /* FaceDetectionViewController.h */ = {isa = PBXFileReference; lastKnownFileType = sourcecode.c.h; path = FaceDetectionViewController.h; sourceTree = "<group>"; };
		0B104A1225A581A20033095B /* FaceDetectionViewController.m */ = {isa = PBXFileReference; lastKnownFileType = sourcecode.c.objc; path = FaceDetectionViewController.m; sourceTree = "<group>"; };
		0B104A1D25A59F8F0033095B /* shannon.jpg */ = {isa = PBXFileReference; lastKnownFileType = image.jpeg; path = shannon.jpg; sourceTree = "<group>"; };
		0B104A2525A5A5A40033095B /* auction.jpg */ = {isa = PBXFileReference; lastKnownFileType = image.jpeg; path = auction.jpg; sourceTree = "<group>"; };
		0B104A3025A5ABA50033095B /* stevejobs.jpg */ = {isa = PBXFileReference; lastKnownFileType = image.jpeg; path = stevejobs.jpg; sourceTree = "<group>"; };
		0B104A3825A5AD870033095B /* family.png */ = {isa = PBXFileReference; lastKnownFileType = image.png; path = family.png; sourceTree = "<group>"; };
		0B4BC2CE2586F94A001514EA /* QuartzPatternViewExample.h */ = {isa = PBXFileReference; lastKnownFileType = sourcecode.c.h; path = QuartzPatternViewExample.h; sourceTree = "<group>"; };
		0B4BC2CF2586F94A001514EA /* QuartzPatternViewExample.m */ = {isa = PBXFileReference; lastKnownFileType = sourcecode.c.objc; path = QuartzPatternViewExample.m; sourceTree = "<group>"; };
		0B4BC2D425870476001514EA /* QuartzGradientViewExample.h */ = {isa = PBXFileReference; lastKnownFileType = sourcecode.c.h; path = QuartzGradientViewExample.h; sourceTree = "<group>"; };
		0B4BC2D525870476001514EA /* QuartzGradientViewExample.m */ = {isa = PBXFileReference; lastKnownFileType = sourcecode.c.objc; path = QuartzGradientViewExample.m; sourceTree = "<group>"; };
		0B4BC2DA25870E35001514EA /* QuartzShadingViewExample.h */ = {isa = PBXFileReference; lastKnownFileType = sourcecode.c.h; path = QuartzShadingViewExample.h; sourceTree = "<group>"; };
		0B4BC2DB25870E35001514EA /* QuartzShadingViewExample.m */ = {isa = PBXFileReference; lastKnownFileType = sourcecode.c.objc; path = QuartzShadingViewExample.m; sourceTree = "<group>"; };
		0B4BC2E02587139A001514EA /* QuartzTransparentLayer.h */ = {isa = PBXFileReference; lastKnownFileType = sourcecode.c.h; path = QuartzTransparentLayer.h; sourceTree = "<group>"; };
		0B4BC2E12587139A001514EA /* QuartzTransparentLayer.m */ = {isa = PBXFileReference; lastKnownFileType = sourcecode.c.objc; path = QuartzTransparentLayer.m; sourceTree = "<group>"; };
		0B656607256CA25300F09E60 /* BlockExample.h */ = {isa = PBXFileReference; lastKnownFileType = sourcecode.c.h; path = BlockExample.h; sourceTree = "<group>"; };
		0B656608256CA25300F09E60 /* BlockExample.m */ = {isa = PBXFileReference; lastKnownFileType = sourcecode.c.objc; path = BlockExample.m; sourceTree = "<group>"; };
		0B8966D32580BCED003F2DBC /* QuartzManagerViewController.h */ = {isa = PBXFileReference; lastKnownFileType = sourcecode.c.h; path = QuartzManagerViewController.h; sourceTree = "<group>"; };
		0B8966D42580BCED003F2DBC /* QuartzManagerViewController.m */ = {isa = PBXFileReference; lastKnownFileType = sourcecode.c.objc; path = QuartzManagerViewController.m; sourceTree = "<group>"; };
		0B8966DC2580BD3A003F2DBC /* QuartzBaseViewController.h */ = {isa = PBXFileReference; lastKnownFileType = sourcecode.c.h; path = QuartzBaseViewController.h; sourceTree = "<group>"; };
		0B8966DD2580BD3A003F2DBC /* QuartzBaseViewController.m */ = {isa = PBXFileReference; lastKnownFileType = sourcecode.c.objc; path = QuartzBaseViewController.m; sourceTree = "<group>"; };
		0B8966E22580C323003F2DBC /* WRQuartzSnippetItem.h */ = {isa = PBXFileReference; lastKnownFileType = sourcecode.c.h; path = WRQuartzSnippetItem.h; sourceTree = "<group>"; };
		0B8966E32580C323003F2DBC /* WRQuartzSnippetItem.m */ = {isa = PBXFileReference; lastKnownFileType = sourcecode.c.objc; path = WRQuartzSnippetItem.m; sourceTree = "<group>"; };
		0B8966EF2580C667003F2DBC /* QuartzPathViewExample.h */ = {isa = PBXFileReference; lastKnownFileType = sourcecode.c.h; path = QuartzPathViewExample.h; sourceTree = "<group>"; };
		0B8966F02580C667003F2DBC /* QuartzPathViewExample.m */ = {isa = PBXFileReference; lastKnownFileType = sourcecode.c.objc; path = QuartzPathViewExample.m; sourceTree = "<group>"; };
		0B8966F92581F98F003F2DBC /* QuartzTransformViewExample.h */ = {isa = PBXFileReference; lastKnownFileType = sourcecode.c.h; path = QuartzTransformViewExample.h; sourceTree = "<group>"; };
		0B8966FA2581F98F003F2DBC /* QuartzTransformViewExample.m */ = {isa = PBXFileReference; lastKnownFileType = sourcecode.c.objc; path = QuartzTransformViewExample.m; sourceTree = "<group>"; };
		0B9E6E9A2589AA6600286DD0 /* CoreImageSnippetItem.h */ = {isa = PBXFileReference; lastKnownFileType = sourcecode.c.h; path = CoreImageSnippetItem.h; sourceTree = "<group>"; };
		0B9E6E9B2589AA6600286DD0 /* CoreImageSnippetItem.m */ = {isa = PBXFileReference; lastKnownFileType = sourcecode.c.objc; path = CoreImageSnippetItem.m; sourceTree = "<group>"; };
		0B9E6EA82589AB2600286DD0 /* CoreImageManageViewController.h */ = {isa = PBXFileReference; lastKnownFileType = sourcecode.c.h; path = CoreImageManageViewController.h; sourceTree = "<group>"; };
		0B9E6EA92589AB2600286DD0 /* CoreImageManageViewController.m */ = {isa = PBXFileReference; lastKnownFileType = sourcecode.c.objc; path = CoreImageManageViewController.m; sourceTree = "<group>"; };
		0B9E6EBE2589ABF400286DD0 /* SingleCIFilterViewController.h */ = {isa = PBXFileReference; lastKnownFileType = sourcecode.c.h; path = SingleCIFilterViewController.h; sourceTree = "<group>"; };
		0B9E6EBF2589ABF400286DD0 /* SingleCIFilterViewController.m */ = {isa = PBXFileReference; lastKnownFileType = sourcecode.c.objc; path = SingleCIFilterViewController.m; sourceTree = "<group>"; };
		0B9E6EC02589ABF400286DD0 /* SingleCIFilterViewController.xib */ = {isa = PBXFileReference; lastKnownFileType = file.xib; path = SingleCIFilterViewController.xib; sourceTree = "<group>"; };
		0B9E6EC62589AECC00286DD0 /* blackboard.jpg */ = {isa = PBXFileReference; lastKnownFileType = image.jpeg; path = blackboard.jpg; sourceTree = "<group>"; };
		0B9E6ED02589F6F600286DD0 /* CIFilterInputModel.h */ = {isa = PBXFileReference; lastKnownFileType = sourcecode.c.h; path = CIFilterInputModel.h; sourceTree = "<group>"; };
		0B9E6ED12589F6F600286DD0 /* CIFilterInputModel.m */ = {isa = PBXFileReference; lastKnownFileType = sourcecode.c.objc; path = CIFilterInputModel.m; sourceTree = "<group>"; };
		0B9E6ED92589F76000286DD0 /* CIFilterAttributePanel.h */ = {isa = PBXFileReference; lastKnownFileType = sourcecode.c.h; path = CIFilterAttributePanel.h; sourceTree = "<group>"; };
		0B9E6EDA2589F76000286DD0 /* CIFilterAttributePanel.m */ = {isa = PBXFileReference; lastKnownFileType = sourcecode.c.objc; path = CIFilterAttributePanel.m; sourceTree = "<group>"; };
		0B9E6EE3258ADE2100286DD0 /* CIFilterInputView.h */ = {isa = PBXFileReference; lastKnownFileType = sourcecode.c.h; path = CIFilterInputView.h; sourceTree = "<group>"; };
		0B9E6EE4258ADE2100286DD0 /* CIFilterInputView.m */ = {isa = PBXFileReference; lastKnownFileType = sourcecode.c.objc; path = CIFilterInputView.m; sourceTree = "<group>"; };
		0B9E6EE9258AEEAF00286DD0 /* CIFilterInputViewModel.h */ = {isa = PBXFileReference; lastKnownFileType = sourcecode.c.h; path = CIFilterInputViewModel.h; sourceTree = "<group>"; };
		0B9E6EEA258AEEAF00286DD0 /* CIFilterInputViewModel.m */ = {isa = PBXFileReference; lastKnownFileType = sourcecode.c.objc; path = CIFilterInputViewModel.m; sourceTree = "<group>"; };
		0B9E6EEF258AFBD700286DD0 /* MultiCIFiltersViewController.h */ = {isa = PBXFileReference; lastKnownFileType = sourcecode.c.h; path = MultiCIFiltersViewController.h; sourceTree = "<group>"; };
		0B9E6EF0258AFBD700286DD0 /* MultiCIFiltersViewController.m */ = {isa = PBXFileReference; lastKnownFileType = sourcecode.c.objc; path = MultiCIFiltersViewController.m; sourceTree = "<group>"; };
		0BB749E525678E74004E1373 /* NSRunTimeViewController.h */ = {isa = PBXFileReference; lastKnownFileType = sourcecode.c.h; path = NSRunTimeViewController.h; sourceTree = "<group>"; };
		0BB749E625678E74004E1373 /* NSRunTimeViewController.m */ = {isa = PBXFileReference; lastKnownFileType = sourcecode.c.objc; path = NSRunTimeViewController.m; sourceTree = "<group>"; };
		0BC78B17248F77E30037F815 /* Snippets.app */ = {isa = PBXFileReference; explicitFileType = wrapper.application; includeInIndex = 0; path = Snippets.app; sourceTree = BUILT_PRODUCTS_DIR; };
		0BC78B1A248F77E30037F815 /* AppDelegate.h */ = {isa = PBXFileReference; lastKnownFileType = sourcecode.c.h; path = AppDelegate.h; sourceTree = "<group>"; };
		0BC78B1B248F77E30037F815 /* AppDelegate.m */ = {isa = PBXFileReference; lastKnownFileType = sourcecode.c.objc; path = AppDelegate.m; sourceTree = "<group>"; };
		0BC78B1D248F77E30037F815 /* SceneDelegate.h */ = {isa = PBXFileReference; lastKnownFileType = sourcecode.c.h; path = SceneDelegate.h; sourceTree = "<group>"; };
		0BC78B1E248F77E30037F815 /* SceneDelegate.m */ = {isa = PBXFileReference; lastKnownFileType = sourcecode.c.objc; path = SceneDelegate.m; sourceTree = "<group>"; };
		0BC78B20248F77E30037F815 /* BaseSnippetViewController.h */ = {isa = PBXFileReference; lastKnownFileType = sourcecode.c.h; path = BaseSnippetViewController.h; sourceTree = "<group>"; };
		0BC78B21248F77E30037F815 /* BaseSnippetViewController.m */ = {isa = PBXFileReference; lastKnownFileType = sourcecode.c.objc; path = BaseSnippetViewController.m; sourceTree = "<group>"; };
		0BC78B26248F77E90037F815 /* Assets.xcassets */ = {isa = PBXFileReference; lastKnownFileType = folder.assetcatalog; path = Assets.xcassets; sourceTree = "<group>"; };
		0BC78B29248F77E90037F815 /* Base */ = {isa = PBXFileReference; lastKnownFileType = file.storyboard; name = Base; path = Base.lproj/LaunchScreen.storyboard; sourceTree = "<group>"; };
		0BC78B2B248F77E90037F815 /* Info.plist */ = {isa = PBXFileReference; lastKnownFileType = text.plist.xml; path = Info.plist; sourceTree = "<group>"; };
		0BC78B2C248F77E90037F815 /* main.m */ = {isa = PBXFileReference; lastKnownFileType = sourcecode.c.objc; path = main.m; sourceTree = "<group>"; };
		0BC78B32248F77EA0037F815 /* SnippetsTests.xctest */ = {isa = PBXFileReference; explicitFileType = wrapper.cfbundle; includeInIndex = 0; path = SnippetsTests.xctest; sourceTree = BUILT_PRODUCTS_DIR; };
		0BC78B36248F77EA0037F815 /* SnippetsTests.m */ = {isa = PBXFileReference; lastKnownFileType = sourcecode.c.objc; path = SnippetsTests.m; sourceTree = "<group>"; };
		0BC78B38248F77EA0037F815 /* Info.plist */ = {isa = PBXFileReference; lastKnownFileType = text.plist.xml; path = Info.plist; sourceTree = "<group>"; };
		0BC78B3D248F77EA0037F815 /* SnippetsUITests.xctest */ = {isa = PBXFileReference; explicitFileType = wrapper.cfbundle; includeInIndex = 0; path = SnippetsUITests.xctest; sourceTree = BUILT_PRODUCTS_DIR; };
		0BC78B41248F77EA0037F815 /* SnippetsUITests.m */ = {isa = PBXFileReference; lastKnownFileType = sourcecode.c.objc; path = SnippetsUITests.m; sourceTree = "<group>"; };
		0BC78B43248F77EA0037F815 /* Info.plist */ = {isa = PBXFileReference; lastKnownFileType = text.plist.xml; path = Info.plist; sourceTree = "<group>"; };
		0BD390D42562571F0050D5F8 /* WRSynchronizeExample.h */ = {isa = PBXFileReference; lastKnownFileType = sourcecode.c.h; path = WRSynchronizeExample.h; sourceTree = "<group>"; };
		0BD390D52562571F0050D5F8 /* WRSynchronizeExample.m */ = {isa = PBXFileReference; lastKnownFileType = sourcecode.c.objc; path = WRSynchronizeExample.m; sourceTree = "<group>"; };
		0BD390E1256375020050D5F8 /* RunLoopExample.h */ = {isa = PBXFileReference; lastKnownFileType = sourcecode.c.h; path = RunLoopExample.h; sourceTree = "<group>"; };
		0BD390E2256375020050D5F8 /* RunLoopExample.m */ = {isa = PBXFileReference; lastKnownFileType = sourcecode.c.objc; path = RunLoopExample.m; sourceTree = "<group>"; };
		0BD390F02564B1350050D5F8 /* NSRunLoopViewController.h */ = {isa = PBXFileReference; lastKnownFileType = sourcecode.c.h; path = NSRunLoopViewController.h; sourceTree = "<group>"; };
		0BD390F12564B1350050D5F8 /* NSRunLoopViewController.m */ = {isa = PBXFileReference; lastKnownFileType = sourcecode.c.objc; path = NSRunLoopViewController.m; sourceTree = "<group>"; };
		0BE6E95F255A21F300118E14 /* NSThreadViewController1.h */ = {isa = PBXFileReference; lastKnownFileType = sourcecode.c.h; path = NSThreadViewController1.h; sourceTree = "<group>"; };
		0BE6E960255A21F300118E14 /* NSThreadViewController1.m */ = {isa = PBXFileReference; lastKnownFileType = sourcecode.c.objc; path = NSThreadViewController1.m; sourceTree = "<group>"; };
		0BE6E96E255A24D400118E14 /* WRGithubUser.h */ = {isa = PBXFileReference; lastKnownFileType = sourcecode.c.h; path = WRGithubUser.h; sourceTree = "<group>"; };
		0BE6E96F255A24D400118E14 /* WRGithubUser.m */ = {isa = PBXFileReference; lastKnownFileType = sourcecode.c.objc; path = WRGithubUser.m; sourceTree = "<group>"; };
		0BE6E974255A3B4800118E14 /* WRSnippetItem.h */ = {isa = PBXFileReference; lastKnownFileType = sourcecode.c.h; path = WRSnippetItem.h; sourceTree = "<group>"; };
		0BE6E975255A3B4800118E14 /* WRSnippetItem.m */ = {isa = PBXFileReference; lastKnownFileType = sourcecode.c.objc; path = WRSnippetItem.m; sourceTree = "<group>"; };
		0BE6E97A255A3B5E00118E14 /* WRSnippetGroup.h */ = {isa = PBXFileReference; lastKnownFileType = sourcecode.c.h; path = WRSnippetGroup.h; sourceTree = "<group>"; };
		0BE6E97B255A3B5F00118E14 /* WRSnippetGroup.m */ = {isa = PBXFileReference; lastKnownFileType = sourcecode.c.objc; path = WRSnippetGroup.m; sourceTree = "<group>"; };
		0BE6E980255A3DBE00118E14 /* WRSnippetManager.h */ = {isa = PBXFileReference; lastKnownFileType = sourcecode.c.h; path = WRSnippetManager.h; sourceTree = "<group>"; };
		0BE6E981255A3DBE00118E14 /* WRSnippetManager.m */ = {isa = PBXFileReference; lastKnownFileType = sourcecode.c.objc; path = WRSnippetManager.m; sourceTree = "<group>"; };
		0BE6E992255B6C0A00118E14 /* WRGithubUserThread.h */ = {isa = PBXFileReference; lastKnownFileType = sourcecode.c.h; path = WRGithubUserThread.h; sourceTree = "<group>"; };
		0BE6E993255B6C0A00118E14 /* WRGithubUserThread.m */ = {isa = PBXFileReference; lastKnownFileType = sourcecode.c.objc; path = WRGithubUserThread.m; sourceTree = "<group>"; };
		0BE6E998255B70D200118E14 /* NSThreadViewController2.h */ = {isa = PBXFileReference; lastKnownFileType = sourcecode.c.h; path = NSThreadViewController2.h; sourceTree = "<group>"; };
		0BE6E999255B70D200118E14 /* NSThreadViewController2.m */ = {isa = PBXFileReference; lastKnownFileType = sourcecode.c.objc; path = NSThreadViewController2.m; sourceTree = "<group>"; };
		0BE6E9A1255BB2CE00118E14 /* NSOperationExample.h */ = {isa = PBXFileReference; lastKnownFileType = sourcecode.c.h; path = NSOperationExample.h; sourceTree = "<group>"; };
		0BE6E9A2255BB2CE00118E14 /* NSOperationExample.m */ = {isa = PBXFileReference; lastKnownFileType = sourcecode.c.objc; path = NSOperationExample.m; sourceTree = "<group>"; };
		0BE6E9AD255BCD6100118E14 /* HomeViewController.h */ = {isa = PBXFileReference; lastKnownFileType = sourcecode.c.h; path = HomeViewController.h; sourceTree = "<group>"; };
		0BE6E9AE255BCD6100118E14 /* HomeViewController.m */ = {isa = PBXFileReference; lastKnownFileType = sourcecode.c.objc; path = HomeViewController.m; sourceTree = "<group>"; };
		0BE6E9B3255BD10C00118E14 /* ConcurrViewController.h */ = {isa = PBXFileReference; lastKnownFileType = sourcecode.c.h; path = ConcurrViewController.h; sourceTree = "<group>"; };
		0BE6E9B4255BD10C00118E14 /* ConcurrViewController.m */ = {isa = PBXFileReference; lastKnownFileType = sourcecode.c.objc; path = ConcurrViewController.m; sourceTree = "<group>"; };
		0BE9413324E66C9E0064E662 /* GCDGroupExample.h */ = {isa = PBXFileReference; lastKnownFileType = sourcecode.c.h; path = GCDGroupExample.h; sourceTree = "<group>"; };
		0BE9413424E66C9E0064E662 /* GCDGroupExample.m */ = {isa = PBXFileReference; lastKnownFileType = sourcecode.c.objc; path = GCDGroupExample.m; sourceTree = "<group>"; };
		0BE9F4BE2565FF0500175FEA /* RuntimeExample.h */ = {isa = PBXFileReference; lastKnownFileType = sourcecode.c.h; path = RuntimeExample.h; sourceTree = "<group>"; };
		0BE9F4BF2565FF0500175FEA /* RuntimeExample.m */ = {isa = PBXFileReference; lastKnownFileType = sourcecode.c.objc; path = RuntimeExample.m; sourceTree = "<group>"; };
		0BEACAB025BF9BAB0064345B /* Snippets.entitlements */ = {isa = PBXFileReference; lastKnownFileType = text.plist.entitlements; path = Snippets.entitlements; sourceTree = "<group>"; };
		0BFE29A5255CD65E00F7CB96 /* GCDQueueExample.h */ = {isa = PBXFileReference; lastKnownFileType = sourcecode.c.h; path = GCDQueueExample.h; sourceTree = "<group>"; };
		0BFE29A6255CD65E00F7CB96 /* GCDQueueExample.m */ = {isa = PBXFileReference; lastKnownFileType = sourcecode.c.objc; path = GCDQueueExample.m; sourceTree = "<group>"; };
		0BFE29AE255E28C400F7CB96 /* GCDSemaphoreExample.h */ = {isa = PBXFileReference; lastKnownFileType = sourcecode.c.h; path = GCDSemaphoreExample.h; sourceTree = "<group>"; };
		0BFE29AF255E28C400F7CB96 /* GCDSemaphoreExample.m */ = {isa = PBXFileReference; lastKnownFileType = sourcecode.c.objc; path = GCDSemaphoreExample.m; sourceTree = "<group>"; };
		0BFE29B4255E62E200F7CB96 /* GCDSourceExample.h */ = {isa = PBXFileReference; lastKnownFileType = sourcecode.c.h; path = GCDSourceExample.h; sourceTree = "<group>"; };
		0BFE29B5255E62E200F7CB96 /* GCDSourceExample.m */ = {isa = PBXFileReference; lastKnownFileType = sourcecode.c.objc; path = GCDSourceExample.m; sourceTree = "<group>"; };
		157A8BBE2736E1B9008FCDC4 /* Communicator.h */ = {isa = PBXFileReference; lastKnownFileType = sourcecode.c.h; path = Communicator.h; sourceTree = "<group>"; };
		157A8BBF2736E1B9008FCDC4 /* Communicator.m */ = {isa = PBXFileReference; lastKnownFileType = sourcecode.c.objc; path = Communicator.m; sourceTree = "<group>"; };
		157A8BC1273752AB008FCDC4 /* CommunicatorViewController.h */ = {isa = PBXFileReference; lastKnownFileType = sourcecode.c.h; path = CommunicatorViewController.h; sourceTree = "<group>"; };
		157A8BC2273752AB008FCDC4 /* CommunicatorViewController.m */ = {isa = PBXFileReference; lastKnownFileType = sourcecode.c.objc; path = CommunicatorViewController.m; sourceTree = "<group>"; };
		157A8BC42737632D008FCDC4 /* NetworkViewController.h */ = {isa = PBXFileReference; lastKnownFileType = sourcecode.c.h; path = NetworkViewController.h; sourceTree = "<group>"; };
		157A8BC52737632D008FCDC4 /* NetworkViewController.m */ = {isa = PBXFileReference; lastKnownFileType = sourcecode.c.objc; path = NetworkViewController.m; sourceTree = "<group>"; };
		157A8BC727378364008FCDC4 /* TCPClient.h */ = {isa = PBXFileReference; lastKnownFileType = sourcecode.c.h; path = TCPClient.h; sourceTree = "<group>"; };
		157A8BC827378364008FCDC4 /* TCPClient.m */ = {isa = PBXFileReference; lastKnownFileType = sourcecode.c.objc; path = TCPClient.m; sourceTree = "<group>"; };
		157A8BCD2737A63B008FCDC4 /* ChatView.h */ = {isa = PBXFileReference; lastKnownFileType = sourcecode.c.h; path = ChatView.h; sourceTree = "<group>"; };
		157A8BCE2737A63B008FCDC4 /* ChatView.m */ = {isa = PBXFileReference; lastKnownFileType = sourcecode.c.objc; path = ChatView.m; sourceTree = "<group>"; };
		157A8BD02737A675008FCDC4 /* ChatMessage.h */ = {isa = PBXFileReference; lastKnownFileType = sourcecode.c.h; path = ChatMessage.h; sourceTree = "<group>"; };
		157A8BD12737A675008FCDC4 /* ChatMessage.m */ = {isa = PBXFileReference; lastKnownFileType = sourcecode.c.objc; path = ChatMessage.m; sourceTree = "<group>"; };
		157A8BD427382180008FCDC4 /* libsqlite3.tbd */ = {isa = PBXFileReference; lastKnownFileType = "sourcecode.text-based-dylib-definition"; name = libsqlite3.tbd; path = usr/lib/libsqlite3.tbd; sourceTree = SDKROOT; };
		157A8BD7273823BF008FCDC4 /* SQLiteManager.h */ = {isa = PBXFileReference; lastKnownFileType = sourcecode.c.h; path = SQLiteManager.h; sourceTree = "<group>"; };
		157A8BD8273823BF008FCDC4 /* SQLiteManager.m */ = {isa = PBXFileReference; lastKnownFileType = sourcecode.c.objc; path = SQLiteManager.m; sourceTree = "<group>"; };
		157A8BDA2738C9BE008FCDC4 /* SQLiteChatMessage.h */ = {isa = PBXFileReference; lastKnownFileType = sourcecode.c.h; path = SQLiteChatMessage.h; sourceTree = "<group>"; };
		157A8BDB2738C9BE008FCDC4 /* SQLiteChatMessage.m */ = {isa = PBXFileReference; lastKnownFileType = sourcecode.c.objc; path = SQLiteChatMessage.m; sourceTree = "<group>"; };
		157A8BDD273922C0008FCDC4 /* TCPServer.h */ = {isa = PBXFileReference; lastKnownFileType = sourcecode.c.h; path = TCPServer.h; sourceTree = "<group>"; };
		157A8BDE273922C0008FCDC4 /* TCPServer.m */ = {isa = PBXFileReference; lastKnownFileType = sourcecode.c.objc; path = TCPServer.m; sourceTree = "<group>"; };
		157A8BE027394780008FCDC4 /* ChatMessageTests.m */ = {isa = PBXFileReference; lastKnownFileType = sourcecode.c.objc; path = ChatMessageTests.m; sourceTree = "<group>"; };
		157A8BE2273A5436008FCDC4 /* ChatMessageQueue.h */ = {isa = PBXFileReference; lastKnownFileType = sourcecode.c.h; path = ChatMessageQueue.h; sourceTree = "<group>"; };
		157A8BE3273A5436008FCDC4 /* ChatMessageQueue.m */ = {isa = PBXFileReference; lastKnownFileType = sourcecode.c.objc; path = ChatMessageQueue.m; sourceTree = "<group>"; };
		157A8BE6273A5B78008FCDC4 /* Snippets.xcdatamodel */ = {isa = PBXFileReference; lastKnownFileType = wrapper.xcdatamodel; path = Snippets.xcdatamodel; sourceTree = "<group>"; };
		157A8BE8273A5C9E008FCDC4 /* CoreData.framework */ = {isa = PBXFileReference; lastKnownFileType = wrapper.framework; name = CoreData.framework; path = Platforms/MacOSX.platform/Developer/SDKs/MacOSX11.3.sdk/System/Library/Frameworks/CoreData.framework; sourceTree = DEVELOPER_DIR; };
		157A8C72273A62B8008FCDC4 /* CoreDataChatMessage.h */ = {isa = PBXFileReference; lastKnownFileType = sourcecode.c.h; path = CoreDataChatMessage.h; sourceTree = "<group>"; };
		157A8C73273A62B8008FCDC4 /* CoreDataChatMessage.m */ = {isa = PBXFileReference; lastKnownFileType = sourcecode.c.objc; path = CoreDataChatMessage.m; sourceTree = "<group>"; };
/* End PBXFileReference section */

/* Begin PBXFrameworksBuildPhase section */
		0BC78B14248F77E30037F815 /* Frameworks */ = {
			isa = PBXFrameworksBuildPhase;
			buildActionMask = 2147483647;
			files = (
				157A8BD527382180008FCDC4 /* libsqlite3.tbd in Frameworks */,
			);
			runOnlyForDeploymentPostprocessing = 0;
		};
		0BC78B2F248F77EA0037F815 /* Frameworks */ = {
			isa = PBXFrameworksBuildPhase;
			buildActionMask = 2147483647;
			files = (
				157A8BE9273A5C9E008FCDC4 /* CoreData.framework in Frameworks */,
			);
			runOnlyForDeploymentPostprocessing = 0;
		};
		0BC78B3A248F77EA0037F815 /* Frameworks */ = {
			isa = PBXFrameworksBuildPhase;
			buildActionMask = 2147483647;
			files = (
			);
			runOnlyForDeploymentPostprocessing = 0;
		};
/* End PBXFrameworksBuildPhase section */

/* Begin PBXGroup section */
		0B0CC0CD2574E8E700D54B6C /* Model */ = {
			isa = PBXGroup;
			children = (
				0B0CC0B92574C69C00D54B6C /* ColorConvertor.h */,
				0B0CC0BA2574C69C00D54B6C /* ColorConvertor.m */,
				0B0CC0E22577306700D54B6C /* ClassmateContact.h */,
				0B0CC0E32577306700D54B6C /* ClassmateContact.m */,
				0B0CC0B3257498D000D54B6C /* KeyValueObserver.h */,
				0B0CC0B4257498D000D54B6C /* KeyValueObserver.m */,
				0B0CC0F9257772E500D54B6C /* KVCTransaction.h */,
				0B0CC0FA257772E500D54B6C /* KVCTransaction.m */,
			);
			path = Model;
			sourceTree = "<group>";
		};
		0B0CC0D12574E8FB00D54B6C /* Message */ = {
			isa = PBXGroup;
			children = (
				0B0CC0D52574E91700D54B6C /* Controller */,
				0B0CC0CD2574E8E700D54B6C /* Model */,
			);
			path = Message;
			sourceTree = "<group>";
		};
		0B0CC0D52574E91700D54B6C /* Controller */ = {
			isa = PBXGroup;
			children = (
				0B0CC0D62574E94000D54B6C /* MessageViewController.h */,
				0B0CC0D72574E94000D54B6C /* MessageViewController.m */,
				0B0CC0BF2574CADB00D54B6C /* ColorConvertorViewController.h */,
				0B0CC0C02574CADB00D54B6C /* ColorConvertorViewController.m */,
				0B0CC0C12574CADB00D54B6C /* ColorConvertorViewController.xib */,
				0B0CC0EB2577310100D54B6C /* ClassmateContactViewController.h */,
				0B0CC0EC2577310100D54B6C /* ClassmateContactViewController.m */,
				0B0CC0ED2577310100D54B6C /* ClassmateContactViewController.xib */,
			);
			path = Controller;
			sourceTree = "<group>";
		};
		0B0CC10F25786E2D00D54B6C /* Foundation */ = {
			isa = PBXGroup;
			children = (
				157A8BD627382373008FCDC4 /* Persistent */,
				157A8BBB2736E176008FCDC4 /* Network */,
				0B0CC11925786EFF00D54B6C /* Collection */,
				0BE6E965255A223100118E14 /* Concurrent */,
				0BD390EB256375850050D5F8 /* Execution */,
				0B0CC0D12574E8FB00D54B6C /* Message */,
			);
			path = Foundation;
			sourceTree = "<group>";
		};
		0B0CC11925786EFF00D54B6C /* Collection */ = {
			isa = PBXGroup;
			children = (
				0B0CC11E25786F5F00D54B6C /* WRProduct.h */,
				0B0CC11D25786F5F00D54B6C /* WRProduct.m */,
				0B0CC11325786EF500D54B6C /* NSArrayOperation.h */,
				0B0CC11425786EF500D54B6C /* NSArrayOperation.m */,
				0B0CC12325786FFD00D54B6C /* NSDictionaryOperation.h */,
				0B0CC12425786FFD00D54B6C /* NSDictionaryOperation.m */,
				0B0CC1292578707500D54B6C /* CollectionViewController.h */,
				0B0CC12A2578707500D54B6C /* CollectionViewController.m */,
			);
			path = Collection;
			sourceTree = "<group>";
		};
		0B8966CB2580BAF8003F2DBC /* Quartz */ = {
			isa = PBXGroup;
			children = (
				0B8966CF2580BB2F003F2DBC /* Controller */,
				0B8966E82580C329003F2DBC /* Model */,
				0B8966F52580C66D003F2DBC /* View */,
			);
			path = Quartz;
			sourceTree = "<group>";
		};
		0B8966CF2580BB2F003F2DBC /* Controller */ = {
			isa = PBXGroup;
			children = (
				0B8966D32580BCED003F2DBC /* QuartzManagerViewController.h */,
				0B8966D42580BCED003F2DBC /* QuartzManagerViewController.m */,
				0B8966DC2580BD3A003F2DBC /* QuartzBaseViewController.h */,
				0B8966DD2580BD3A003F2DBC /* QuartzBaseViewController.m */,
			);
			path = Controller;
			sourceTree = "<group>";
		};
		0B8966E82580C329003F2DBC /* Model */ = {
			isa = PBXGroup;
			children = (
				0B8966E22580C323003F2DBC /* WRQuartzSnippetItem.h */,
				0B8966E32580C323003F2DBC /* WRQuartzSnippetItem.m */,
			);
			path = Model;
			sourceTree = "<group>";
		};
		0B8966F52580C66D003F2DBC /* View */ = {
			isa = PBXGroup;
			children = (
				0B8966EF2580C667003F2DBC /* QuartzPathViewExample.h */,
				0B8966F02580C667003F2DBC /* QuartzPathViewExample.m */,
				0B8966F92581F98F003F2DBC /* QuartzTransformViewExample.h */,
				0B8966FA2581F98F003F2DBC /* QuartzTransformViewExample.m */,
				0B4BC2CE2586F94A001514EA /* QuartzPatternViewExample.h */,
				0B4BC2CF2586F94A001514EA /* QuartzPatternViewExample.m */,
				0B4BC2D425870476001514EA /* QuartzGradientViewExample.h */,
				0B4BC2D525870476001514EA /* QuartzGradientViewExample.m */,
				0B4BC2DA25870E35001514EA /* QuartzShadingViewExample.h */,
				0B4BC2DB25870E35001514EA /* QuartzShadingViewExample.m */,
				0B4BC2E02587139A001514EA /* QuartzTransparentLayer.h */,
				0B4BC2E12587139A001514EA /* QuartzTransparentLayer.m */,
			);
			path = View;
			sourceTree = "<group>";
		};
		0B9E6E962589A84E00286DD0 /* Media */ = {
			isa = PBXGroup;
			children = (
				0B8966CB2580BAF8003F2DBC /* Quartz */,
				0B9E6EA42589AA8B00286DD0 /* CoreImage */,
			);
			path = Media;
			sourceTree = "<group>";
		};
		0B9E6EA02589AA8200286DD0 /* Model */ = {
			isa = PBXGroup;
			children = (
				0B9E6E9A2589AA6600286DD0 /* CoreImageSnippetItem.h */,
				0B9E6E9B2589AA6600286DD0 /* CoreImageSnippetItem.m */,
				0B9E6ED02589F6F600286DD0 /* CIFilterInputModel.h */,
				0B9E6ED12589F6F600286DD0 /* CIFilterInputModel.m */,
				0B9E6EE9258AEEAF00286DD0 /* CIFilterInputViewModel.h */,
				0B9E6EEA258AEEAF00286DD0 /* CIFilterInputViewModel.m */,
			);
			path = Model;
			sourceTree = "<group>";
		};
		0B9E6EA42589AA8B00286DD0 /* CoreImage */ = {
			isa = PBXGroup;
			children = (
				0B9E6EA02589AA8200286DD0 /* Model */,
				0B9E6EAE2589AB2D00286DD0 /* Controller */,
				0B9E6EDF2589F76500286DD0 /* View */,
			);
			path = CoreImage;
			sourceTree = "<group>";
		};
		0B9E6EAE2589AB2D00286DD0 /* Controller */ = {
			isa = PBXGroup;
			children = (
				0B9E6EA82589AB2600286DD0 /* CoreImageManageViewController.h */,
				0B9E6EA92589AB2600286DD0 /* CoreImageManageViewController.m */,
				0B9E6EBE2589ABF400286DD0 /* SingleCIFilterViewController.h */,
				0B9E6EBF2589ABF400286DD0 /* SingleCIFilterViewController.m */,
				0B9E6EC02589ABF400286DD0 /* SingleCIFilterViewController.xib */,
				0B9E6EEF258AFBD700286DD0 /* MultiCIFiltersViewController.h */,
				0B9E6EF0258AFBD700286DD0 /* MultiCIFiltersViewController.m */,
				0B104A1125A581A20033095B /* FaceDetectionViewController.h */,
				0B104A1225A581A20033095B /* FaceDetectionViewController.m */,
			);
			path = Controller;
			sourceTree = "<group>";
		};
		0B9E6ECB2589AEFE00286DD0 /* Images */ = {
			isa = PBXGroup;
			children = (
				0B104A3025A5ABA50033095B /* stevejobs.jpg */,
				0B104A2525A5A5A40033095B /* auction.jpg */,
				0B9E6EC62589AECC00286DD0 /* blackboard.jpg */,
				0B104A1D25A59F8F0033095B /* shannon.jpg */,
				0B104A3825A5AD870033095B /* family.png */,
			);
			path = Images;
			sourceTree = "<group>";
		};
		0B9E6ECC2589AF1B00286DD0 /* Resources */ = {
			isa = PBXGroup;
			children = (
				0B9E6ECB2589AEFE00286DD0 /* Images */,
			);
			path = Resources;
			sourceTree = "<group>";
		};
		0B9E6EDF2589F76500286DD0 /* View */ = {
			isa = PBXGroup;
			children = (
				0B9E6ED92589F76000286DD0 /* CIFilterAttributePanel.h */,
				0B9E6EDA2589F76000286DD0 /* CIFilterAttributePanel.m */,
				0B9E6EE3258ADE2100286DD0 /* CIFilterInputView.h */,
				0B9E6EE4258ADE2100286DD0 /* CIFilterInputView.m */,
			);
			path = View;
			sourceTree = "<group>";
		};
		0BC78B0E248F77E30037F815 = {
			isa = PBXGroup;
			children = (
				0BC78B19248F77E30037F815 /* Snippets */,
				0BC78B35248F77EA0037F815 /* SnippetsTests */,
				0BC78B40248F77EA0037F815 /* SnippetsUITests */,
				0BC78B18248F77E30037F815 /* Products */,
				157A8BD327382180008FCDC4 /* Frameworks */,
			);
			sourceTree = "<group>";
		};
		0BC78B18248F77E30037F815 /* Products */ = {
			isa = PBXGroup;
			children = (
				0BC78B17248F77E30037F815 /* Snippets.app */,
				0BC78B32248F77EA0037F815 /* SnippetsTests.xctest */,
				0BC78B3D248F77EA0037F815 /* SnippetsUITests.xctest */,
			);
			name = Products;
			sourceTree = "<group>";
		};
		0BC78B19248F77E30037F815 /* Snippets */ = {
			isa = PBXGroup;
			children = (
				0BEACAB025BF9BAB0064345B /* Snippets.entitlements */,
				0B9E6ECC2589AF1B00286DD0 /* Resources */,
				0BD390E7256375390050D5F8 /* Intrinsic */,
				0BD390EC256375B80050D5F8 /* Scaffold */,
				0BD390DA2563746F0050D5F8 /* Infrastructure */,
				0B0CC10F25786E2D00D54B6C /* Foundation */,
				0B9E6E962589A84E00286DD0 /* Media */,
				0BC78B26248F77E90037F815 /* Assets.xcassets */,
				0BC78B28248F77E90037F815 /* LaunchScreen.storyboard */,
				0BC78B2B248F77E90037F815 /* Info.plist */,
			);
			path = Snippets;
			sourceTree = "<group>";
		};
		0BC78B35248F77EA0037F815 /* SnippetsTests */ = {
			isa = PBXGroup;
			children = (
				0BC78B36248F77EA0037F815 /* SnippetsTests.m */,
				157A8BE027394780008FCDC4 /* ChatMessageTests.m */,
				0BC78B38248F77EA0037F815 /* Info.plist */,
			);
			path = SnippetsTests;
			sourceTree = "<group>";
		};
		0BC78B40248F77EA0037F815 /* SnippetsUITests */ = {
			isa = PBXGroup;
			children = (
				0BC78B41248F77EA0037F815 /* SnippetsUITests.m */,
				0BC78B43248F77EA0037F815 /* Info.plist */,
			);
			path = SnippetsUITests;
			sourceTree = "<group>";
		};
		0BD390DA2563746F0050D5F8 /* Infrastructure */ = {
			isa = PBXGroup;
			children = (
				0BE6E974255A3B4800118E14 /* WRSnippetItem.h */,
				0BE6E975255A3B4800118E14 /* WRSnippetItem.m */,
				0BE6E97A255A3B5E00118E14 /* WRSnippetGroup.h */,
				0BE6E97B255A3B5F00118E14 /* WRSnippetGroup.m */,
				0BE6E980255A3DBE00118E14 /* WRSnippetManager.h */,
				0BE6E981255A3DBE00118E14 /* WRSnippetManager.m */,
			);
			path = Infrastructure;
			sourceTree = "<group>";
		};
		0BD390E7256375390050D5F8 /* Intrinsic */ = {
			isa = PBXGroup;
			children = (
				0BC78B1A248F77E30037F815 /* AppDelegate.h */,
				0BC78B1B248F77E30037F815 /* AppDelegate.m */,
				0BC78B1D248F77E30037F815 /* SceneDelegate.h */,
				0BC78B1E248F77E30037F815 /* SceneDelegate.m */,
				0BC78B2C248F77E90037F815 /* main.m */,
				157A8BE5273A5B78008FCDC4 /* Snippets.xcdatamodeld */,
			);
			path = Intrinsic;
			sourceTree = "<group>";
		};
		0BD390EB256375850050D5F8 /* Execution */ = {
			isa = PBXGroup;
			children = (
				0BE9F4B92565F88F00175FEA /* Model */,
				0BE9F4BD2565F89D00175FEA /* Controller */,
			);
			path = Execution;
			sourceTree = "<group>";
		};
		0BD390EC256375B80050D5F8 /* Scaffold */ = {
			isa = PBXGroup;
			children = (
				0B0CC105257868F200D54B6C /* BaseUIViewController.h */,
				0B0CC106257868F200D54B6C /* BaseUIViewController.m */,
				0BC78B20248F77E30037F815 /* BaseSnippetViewController.h */,
				0BC78B21248F77E30037F815 /* BaseSnippetViewController.m */,
				0BE6E9AD255BCD6100118E14 /* HomeViewController.h */,
				0BE6E9AE255BCD6100118E14 /* HomeViewController.m */,
			);
			path = Scaffold;
			sourceTree = "<group>";
		};
		0BE6E965255A223100118E14 /* Concurrent */ = {
			isa = PBXGroup;
			children = (
				0BE6E966255A226900118E14 /* Model */,
				0BE6E96A255A227400118E14 /* Controller */,
			);
			path = Concurrent;
			sourceTree = "<group>";
		};
		0BE6E966255A226900118E14 /* Model */ = {
			isa = PBXGroup;
			children = (
				0BFE29A5255CD65E00F7CB96 /* GCDQueueExample.h */,
				0BFE29A6255CD65E00F7CB96 /* GCDQueueExample.m */,
				0BE9413324E66C9E0064E662 /* GCDGroupExample.h */,
				0BE9413424E66C9E0064E662 /* GCDGroupExample.m */,
				0BFE29AE255E28C400F7CB96 /* GCDSemaphoreExample.h */,
				0BFE29AF255E28C400F7CB96 /* GCDSemaphoreExample.m */,
				0BFE29B4255E62E200F7CB96 /* GCDSourceExample.h */,
				0BFE29B5255E62E200F7CB96 /* GCDSourceExample.m */,
				0BD390D42562571F0050D5F8 /* WRSynchronizeExample.h */,
				0BD390D52562571F0050D5F8 /* WRSynchronizeExample.m */,
				0BE6E9A1255BB2CE00118E14 /* NSOperationExample.h */,
				0BE6E9A2255BB2CE00118E14 /* NSOperationExample.m */,
				0BE6E96E255A24D400118E14 /* WRGithubUser.h */,
				0BE6E96F255A24D400118E14 /* WRGithubUser.m */,
				0BE6E992255B6C0A00118E14 /* WRGithubUserThread.h */,
				0BE6E993255B6C0A00118E14 /* WRGithubUserThread.m */,
			);
			path = Model;
			sourceTree = "<group>";
		};
		0BE6E96A255A227400118E14 /* Controller */ = {
			isa = PBXGroup;
			children = (
				0BE6E9B3255BD10C00118E14 /* ConcurrViewController.h */,
				0BE6E9B4255BD10C00118E14 /* ConcurrViewController.m */,
				0BE6E95F255A21F300118E14 /* NSThreadViewController1.h */,
				0BE6E960255A21F300118E14 /* NSThreadViewController1.m */,
				0BE6E998255B70D200118E14 /* NSThreadViewController2.h */,
				0BE6E999255B70D200118E14 /* NSThreadViewController2.m */,
			);
			path = Controller;
			sourceTree = "<group>";
		};
		0BE9F4B92565F88F00175FEA /* Model */ = {
			isa = PBXGroup;
			children = (
				0B656607256CA25300F09E60 /* BlockExample.h */,
				0B656608256CA25300F09E60 /* BlockExample.m */,
				0BD390E1256375020050D5F8 /* RunLoopExample.h */,
				0BD390E2256375020050D5F8 /* RunLoopExample.m */,
				0BE9F4BE2565FF0500175FEA /* RuntimeExample.h */,
				0BE9F4BF2565FF0500175FEA /* RuntimeExample.m */,
			);
			path = Model;
			sourceTree = "<group>";
		};
		0BE9F4BD2565F89D00175FEA /* Controller */ = {
			isa = PBXGroup;
			children = (
				0BD390F02564B1350050D5F8 /* NSRunLoopViewController.h */,
				0BD390F12564B1350050D5F8 /* NSRunLoopViewController.m */,
				0BB749E525678E74004E1373 /* NSRunTimeViewController.h */,
				0BB749E625678E74004E1373 /* NSRunTimeViewController.m */,
			);
			path = Controller;
			sourceTree = "<group>";
		};
		157A8BBB2736E176008FCDC4 /* Network */ = {
			isa = PBXGroup;
			children = (
				157A8BCC2737A61D008FCDC4 /* View */,
				157A8BBD2736E18E008FCDC4 /* Controller */,
				157A8BBC2736E185008FCDC4 /* Model */,
			);
			path = Network;
			sourceTree = "<group>";
		};
		157A8BBC2736E185008FCDC4 /* Model */ = {
			isa = PBXGroup;
			children = (
				157A8BBE2736E1B9008FCDC4 /* Communicator.h */,
				157A8BBF2736E1B9008FCDC4 /* Communicator.m */,
				157A8BDD273922C0008FCDC4 /* TCPServer.h */,
				157A8BDE273922C0008FCDC4 /* TCPServer.m */,
				157A8BC727378364008FCDC4 /* TCPClient.h */,
				157A8BC827378364008FCDC4 /* TCPClient.m */,
				157A8BD02737A675008FCDC4 /* ChatMessage.h */,
				157A8BD12737A675008FCDC4 /* ChatMessage.m */,
				157A8BE2273A5436008FCDC4 /* ChatMessageQueue.h */,
				157A8BE3273A5436008FCDC4 /* ChatMessageQueue.m */,
				157A8BDA2738C9BE008FCDC4 /* SQLiteChatMessage.h */,
				157A8BDB2738C9BE008FCDC4 /* SQLiteChatMessage.m */,
				157A8C72273A62B8008FCDC4 /* CoreDataChatMessage.h */,
				157A8C73273A62B8008FCDC4 /* CoreDataChatMessage.m */,
			);
			path = Model;
			sourceTree = "<group>";
		};
		157A8BBD2736E18E008FCDC4 /* Controller */ = {
			isa = PBXGroup;
			children = (
				157A8BC42737632D008FCDC4 /* NetworkViewController.h */,
				157A8BC52737632D008FCDC4 /* NetworkViewController.m */,
				157A8BC1273752AB008FCDC4 /* CommunicatorViewController.h */,
				157A8BC2273752AB008FCDC4 /* CommunicatorViewController.m */,
			);
			path = Controller;
			sourceTree = "<group>";
		};
		157A8BCC2737A61D008FCDC4 /* View */ = {
			isa = PBXGroup;
			children = (
				157A8BCD2737A63B008FCDC4 /* ChatView.h */,
				157A8BCE2737A63B008FCDC4 /* ChatView.m */,
			);
			path = View;
			sourceTree = "<group>";
		};
		157A8BD327382180008FCDC4 /* Frameworks */ = {
			isa = PBXGroup;
			children = (
				157A8BE8273A5C9E008FCDC4 /* CoreData.framework */,
				157A8BD427382180008FCDC4 /* libsqlite3.tbd */,
			);
			name = Frameworks;
			sourceTree = "<group>";
		};
		157A8BD627382373008FCDC4 /* Persistent */ = {
			isa = PBXGroup;
			children = (
				157A8BD7273823BF008FCDC4 /* SQLiteManager.h */,
				157A8BD8273823BF008FCDC4 /* SQLiteManager.m */,
			);
			path = Persistent;
			sourceTree = "<group>";
		};
/* End PBXGroup section */

/* Begin PBXNativeTarget section */
		0BC78B16248F77E30037F815 /* Snippets */ = {
			isa = PBXNativeTarget;
			buildConfigurationList = 0BC78B46248F77EA0037F815 /* Build configuration list for PBXNativeTarget "Snippets" */;
			buildPhases = (
				0BC78B13248F77E30037F815 /* Sources */,
				0BC78B14248F77E30037F815 /* Frameworks */,
				0BC78B15248F77E30037F815 /* Resources */,
			);
			buildRules = (
			);
			dependencies = (
			);
			name = Snippets;
			productName = Snippets;
			productReference = 0BC78B17248F77E30037F815 /* Snippets.app */;
			productType = "com.apple.product-type.application";
		};
		0BC78B31248F77EA0037F815 /* SnippetsTests */ = {
			isa = PBXNativeTarget;
			buildConfigurationList = 0BC78B49248F77EA0037F815 /* Build configuration list for PBXNativeTarget "SnippetsTests" */;
			buildPhases = (
				0BC78B2E248F77EA0037F815 /* Sources */,
				0BC78B2F248F77EA0037F815 /* Frameworks */,
				0BC78B30248F77EA0037F815 /* Resources */,
			);
			buildRules = (
			);
			dependencies = (
				0BC78B34248F77EA0037F815 /* PBXTargetDependency */,
			);
			name = SnippetsTests;
			productName = SnippetsTests;
			productReference = 0BC78B32248F77EA0037F815 /* SnippetsTests.xctest */;
			productType = "com.apple.product-type.bundle.unit-test";
		};
		0BC78B3C248F77EA0037F815 /* SnippetsUITests */ = {
			isa = PBXNativeTarget;
			buildConfigurationList = 0BC78B4C248F77EA0037F815 /* Build configuration list for PBXNativeTarget "SnippetsUITests" */;
			buildPhases = (
				0BC78B39248F77EA0037F815 /* Sources */,
				0BC78B3A248F77EA0037F815 /* Frameworks */,
				0BC78B3B248F77EA0037F815 /* Resources */,
			);
			buildRules = (
			);
			dependencies = (
				0BC78B3F248F77EA0037F815 /* PBXTargetDependency */,
			);
			name = SnippetsUITests;
			productName = SnippetsUITests;
			productReference = 0BC78B3D248F77EA0037F815 /* SnippetsUITests.xctest */;
			productType = "com.apple.product-type.bundle.ui-testing";
		};
/* End PBXNativeTarget section */

/* Begin PBXProject section */
		0BC78B0F248F77E30037F815 /* Project object */ = {
			isa = PBXProject;
			attributes = {
				LastUpgradeCheck = 1200;
				ORGANIZATIONNAME = Walker;
				TargetAttributes = {
					0BC78B16248F77E30037F815 = {
						CreatedOnToolsVersion = 11.4;
						LastSwiftMigration = 1300;
					};
					0BC78B31248F77EA0037F815 = {
						CreatedOnToolsVersion = 11.4;
						TestTargetID = 0BC78B16248F77E30037F815;
					};
					0BC78B3C248F77EA0037F815 = {
						CreatedOnToolsVersion = 11.4;
						TestTargetID = 0BC78B16248F77E30037F815;
					};
				};
			};
			buildConfigurationList = 0BC78B12248F77E30037F815 /* Build configuration list for PBXProject "Snippets" */;
			compatibilityVersion = "Xcode 9.3";
			developmentRegion = en;
			hasScannedForEncodings = 0;
			knownRegions = (
				en,
				Base,
			);
			mainGroup = 0BC78B0E248F77E30037F815;
			productRefGroup = 0BC78B18248F77E30037F815 /* Products */;
			projectDirPath = "";
			projectRoot = "";
			targets = (
				0BC78B16248F77E30037F815 /* Snippets */,
				0BC78B31248F77EA0037F815 /* SnippetsTests */,
				0BC78B3C248F77EA0037F815 /* SnippetsUITests */,
			);
		};
/* End PBXProject section */

/* Begin PBXResourcesBuildPhase section */
		0BC78B15248F77E30037F815 /* Resources */ = {
			isa = PBXResourcesBuildPhase;
			buildActionMask = 2147483647;
			files = (
				0B104A3925A5AD870033095B /* family.png in Resources */,
				0B104A1E25A59F8F0033095B /* shannon.jpg in Resources */,
				0B104A2625A5A5A40033095B /* auction.jpg in Resources */,
				0B104A3125A5ABA50033095B /* stevejobs.jpg in Resources */,
				0B0CC0EF2577310100D54B6C /* ClassmateContactViewController.xib in Resources */,
				0B9E6EC72589AECC00286DD0 /* blackboard.jpg in Resources */,
				0B0CC0C32574CADB00D54B6C /* ColorConvertorViewController.xib in Resources */,
				0BC78B2A248F77E90037F815 /* LaunchScreen.storyboard in Resources */,
				0BC78B27248F77E90037F815 /* Assets.xcassets in Resources */,
				0B9E6EC22589ABF400286DD0 /* SingleCIFilterViewController.xib in Resources */,
			);
			runOnlyForDeploymentPostprocessing = 0;
		};
		0BC78B30248F77EA0037F815 /* Resources */ = {
			isa = PBXResourcesBuildPhase;
			buildActionMask = 2147483647;
			files = (
			);
			runOnlyForDeploymentPostprocessing = 0;
		};
		0BC78B3B248F77EA0037F815 /* Resources */ = {
			isa = PBXResourcesBuildPhase;
			buildActionMask = 2147483647;
			files = (
			);
			runOnlyForDeploymentPostprocessing = 0;
		};
/* End PBXResourcesBuildPhase section */

/* Begin PBXSourcesBuildPhase section */
		0BC78B13248F77E30037F815 /* Sources */ = {
			isa = PBXSourcesBuildPhase;
			buildActionMask = 2147483647;
			files = (
				157A8BDC2738C9BE008FCDC4 /* SQLiteChatMessage.m in Sources */,
				0B9E6EE5258ADE2100286DD0 /* CIFilterInputView.m in Sources */,
				0B9E6EEB258AEEAF00286DD0 /* CIFilterInputViewModel.m in Sources */,
				0BE6E97C255A3B5F00118E14 /* WRSnippetGroup.m in Sources */,
				0B4BC2E22587139A001514EA /* QuartzTransparentLayer.m in Sources */,
				0BE6E976255A3B4800118E14 /* WRSnippetItem.m in Sources */,
				0BC78B22248F77E30037F815 /* BaseSnippetViewController.m in Sources */,
				0BE6E961255A21F300118E14 /* NSThreadViewController1.m in Sources */,
				0BFE29A7255CD65E00F7CB96 /* GCDQueueExample.m in Sources */,
				0B8966F12580C667003F2DBC /* QuartzPathViewExample.m in Sources */,
				0BFE29B6255E62E200F7CB96 /* GCDSourceExample.m in Sources */,
				157A8BD22737A675008FCDC4 /* ChatMessage.m in Sources */,
				0BC78B1C248F77E30037F815 /* AppDelegate.m in Sources */,
				0B9E6E9C2589AA6600286DD0 /* CoreImageSnippetItem.m in Sources */,
				0B9E6EAA2589AB2600286DD0 /* CoreImageManageViewController.m in Sources */,
				0BFE29B0255E28C400F7CB96 /* GCDSemaphoreExample.m in Sources */,
				0B0CC12B2578707500D54B6C /* CollectionViewController.m in Sources */,
				0B0CC0EE2577310100D54B6C /* ClassmateContactViewController.m in Sources */,
				0B0CC107257868F200D54B6C /* BaseUIViewController.m in Sources */,
				157A8BD9273823BF008FCDC4 /* SQLiteManager.m in Sources */,
				0B0CC11F25786F5F00D54B6C /* WRProduct.m in Sources */,
				0B0CC0E42577306700D54B6C /* ClassmateContact.m in Sources */,
				157A8BE7273A5B78008FCDC4 /* Snippets.xcdatamodeld in Sources */,
				157A8BC02736E1B9008FCDC4 /* Communicator.m in Sources */,
				157A8BC927378364008FCDC4 /* TCPClient.m in Sources */,
				0B104A1325A581A20033095B /* FaceDetectionViewController.m in Sources */,
				0B8966FB2581F98F003F2DBC /* QuartzTransformViewExample.m in Sources */,
				0BE9413524E66C9E0064E662 /* GCDGroupExample.m in Sources */,
				0BE6E994255B6C0A00118E14 /* WRGithubUserThread.m in Sources */,
				0B0CC0B5257498D000D54B6C /* KeyValueObserver.m in Sources */,
				0BE9F4C02565FF0500175FEA /* RuntimeExample.m in Sources */,
				0BE6E970255A24D400118E14 /* WRGithubUser.m in Sources */,
				0BE6E9AF255BCD6100118E14 /* HomeViewController.m in Sources */,
				0B9E6EDB2589F76000286DD0 /* CIFilterAttributePanel.m in Sources */,
				0B4BC2D02586F94A001514EA /* QuartzPatternViewExample.m in Sources */,
				0BC78B2D248F77E90037F815 /* main.m in Sources */,
				0BD390F22564B1350050D5F8 /* NSRunLoopViewController.m in Sources */,
				0B0CC0D82574E94000D54B6C /* MessageViewController.m in Sources */,
				0B9E6EC12589ABF400286DD0 /* SingleCIFilterViewController.m in Sources */,
				0B4BC2DC25870E35001514EA /* QuartzShadingViewExample.m in Sources */,
				0B8966DE2580BD3A003F2DBC /* QuartzBaseViewController.m in Sources */,
				0BE6E9A3255BB2CE00118E14 /* NSOperationExample.m in Sources */,
				0B4BC2D625870476001514EA /* QuartzGradientViewExample.m in Sources */,
				0B8966D52580BCED003F2DBC /* QuartzManagerViewController.m in Sources */,
				0BB749E725678E74004E1373 /* NSRunTimeViewController.m in Sources */,
				157A8BC62737632D008FCDC4 /* NetworkViewController.m in Sources */,
				0B8966E42580C323003F2DBC /* WRQuartzSnippetItem.m in Sources */,
				0BD390D62562571F0050D5F8 /* WRSynchronizeExample.m in Sources */,
				0B0CC0C22574CADB00D54B6C /* ColorConvertorViewController.m in Sources */,
				0BD390E3256375020050D5F8 /* RunLoopExample.m in Sources */,
				157A8C74273A62B8008FCDC4 /* CoreDataChatMessage.m in Sources */,
				157A8BDF273922C0008FCDC4 /* TCPServer.m in Sources */,
				0B656609256CA25300F09E60 /* BlockExample.m in Sources */,
				157A8BCF2737A63B008FCDC4 /* ChatView.m in Sources */,
				0B0CC11525786EF500D54B6C /* NSArrayOperation.m in Sources */,
				0B9E6EF1258AFBD700286DD0 /* MultiCIFiltersViewController.m in Sources */,
				157A8BC3273752AB008FCDC4 /* CommunicatorViewController.m in Sources */,
				157A8BE4273A5436008FCDC4 /* ChatMessageQueue.m in Sources */,
				0BC78B1F248F77E30037F815 /* SceneDelegate.m in Sources */,
				0B0CC0FB257772E500D54B6C /* KVCTransaction.m in Sources */,
				0BE6E99A255B70D200118E14 /* NSThreadViewController2.m in Sources */,
				0B0CC12525786FFD00D54B6C /* NSDictionaryOperation.m in Sources */,
				0B9E6ED22589F6F600286DD0 /* CIFilterInputModel.m in Sources */,
				0BE6E9B5255BD10C00118E14 /* ConcurrViewController.m in Sources */,
				0B0CC0BB2574C69C00D54B6C /* ColorConvertor.m in Sources */,
				0BE6E982255A3DBE00118E14 /* WRSnippetManager.m in Sources */,
			);
			runOnlyForDeploymentPostprocessing = 0;
		};
		0BC78B2E248F77EA0037F815 /* Sources */ = {
			isa = PBXSourcesBuildPhase;
			buildActionMask = 2147483647;
			files = (
				0BC78B37248F77EA0037F815 /* SnippetsTests.m in Sources */,
				157A8BE127394780008FCDC4 /* ChatMessageTests.m in Sources */,
			);
			runOnlyForDeploymentPostprocessing = 0;
		};
		0BC78B39248F77EA0037F815 /* Sources */ = {
			isa = PBXSourcesBuildPhase;
			buildActionMask = 2147483647;
			files = (
				0BC78B42248F77EA0037F815 /* SnippetsUITests.m in Sources */,
			);
			runOnlyForDeploymentPostprocessing = 0;
		};
/* End PBXSourcesBuildPhase section */

/* Begin PBXTargetDependency section */
		0BC78B34248F77EA0037F815 /* PBXTargetDependency */ = {
			isa = PBXTargetDependency;
			target = 0BC78B16248F77E30037F815 /* Snippets */;
			targetProxy = 0BC78B33248F77EA0037F815 /* PBXContainerItemProxy */;
		};
		0BC78B3F248F77EA0037F815 /* PBXTargetDependency */ = {
			isa = PBXTargetDependency;
			target = 0BC78B16248F77E30037F815 /* Snippets */;
			targetProxy = 0BC78B3E248F77EA0037F815 /* PBXContainerItemProxy */;
		};
/* End PBXTargetDependency section */

/* Begin PBXVariantGroup section */
		0BC78B28248F77E90037F815 /* LaunchScreen.storyboard */ = {
			isa = PBXVariantGroup;
			children = (
				0BC78B29248F77E90037F815 /* Base */,
			);
			name = LaunchScreen.storyboard;
			sourceTree = "<group>";
		};
/* End PBXVariantGroup section */

/* Begin XCBuildConfiguration section */
		0BC78B44248F77EA0037F815 /* Debug */ = {
			isa = XCBuildConfiguration;
			buildSettings = {
				ALWAYS_SEARCH_USER_PATHS = NO;
				CLANG_ANALYZER_NONNULL = YES;
				CLANG_ANALYZER_NUMBER_OBJECT_CONVERSION = YES_AGGRESSIVE;
				CLANG_CXX_LANGUAGE_STANDARD = "gnu++14";
				CLANG_CXX_LIBRARY = "libc++";
				CLANG_ENABLE_MODULES = YES;
				CLANG_ENABLE_OBJC_ARC = YES;
				CLANG_ENABLE_OBJC_WEAK = YES;
				CLANG_WARN_BLOCK_CAPTURE_AUTORELEASING = YES;
				CLANG_WARN_BOOL_CONVERSION = YES;
				CLANG_WARN_COMMA = YES;
				CLANG_WARN_CONSTANT_CONVERSION = YES;
				CLANG_WARN_DEPRECATED_OBJC_IMPLEMENTATIONS = YES;
				CLANG_WARN_DIRECT_OBJC_ISA_USAGE = YES_ERROR;
				CLANG_WARN_DOCUMENTATION_COMMENTS = YES;
				CLANG_WARN_EMPTY_BODY = YES;
				CLANG_WARN_ENUM_CONVERSION = YES;
				CLANG_WARN_INFINITE_RECURSION = YES;
				CLANG_WARN_INT_CONVERSION = YES;
				CLANG_WARN_NON_LITERAL_NULL_CONVERSION = YES;
				CLANG_WARN_OBJC_IMPLICIT_RETAIN_SELF = YES;
				CLANG_WARN_OBJC_LITERAL_CONVERSION = YES;
				CLANG_WARN_OBJC_ROOT_CLASS = YES_ERROR;
				CLANG_WARN_QUOTED_INCLUDE_IN_FRAMEWORK_HEADER = YES;
				CLANG_WARN_RANGE_LOOP_ANALYSIS = YES;
				CLANG_WARN_STRICT_PROTOTYPES = YES;
				CLANG_WARN_SUSPICIOUS_MOVE = YES;
				CLANG_WARN_UNGUARDED_AVAILABILITY = YES_AGGRESSIVE;
				CLANG_WARN_UNREACHABLE_CODE = YES;
				CLANG_WARN__DUPLICATE_METHOD_MATCH = YES;
				COPY_PHASE_STRIP = NO;
				DEBUG_INFORMATION_FORMAT = dwarf;
				ENABLE_STRICT_OBJC_MSGSEND = YES;
				ENABLE_TESTABILITY = YES;
				GCC_C_LANGUAGE_STANDARD = gnu11;
				GCC_DYNAMIC_NO_PIC = NO;
				GCC_NO_COMMON_BLOCKS = YES;
				GCC_OPTIMIZATION_LEVEL = 0;
				GCC_PREPROCESSOR_DEFINITIONS = (
					"DEBUG=1",
					"$(inherited)",
				);
				GCC_WARN_64_TO_32_BIT_CONVERSION = YES;
				GCC_WARN_ABOUT_RETURN_TYPE = YES_ERROR;
				GCC_WARN_UNDECLARED_SELECTOR = YES;
				GCC_WARN_UNINITIALIZED_AUTOS = YES_AGGRESSIVE;
				GCC_WARN_UNUSED_FUNCTION = YES;
				GCC_WARN_UNUSED_VARIABLE = YES;
				IPHONEOS_DEPLOYMENT_TARGET = 13.4;
				MTL_ENABLE_DEBUG_INFO = INCLUDE_SOURCE;
				MTL_FAST_MATH = YES;
				ONLY_ACTIVE_ARCH = YES;
				SDKROOT = iphoneos;
			};
			name = Debug;
		};
		0BC78B45248F77EA0037F815 /* Release */ = {
			isa = XCBuildConfiguration;
			buildSettings = {
				ALWAYS_SEARCH_USER_PATHS = NO;
				CLANG_ANALYZER_NONNULL = YES;
				CLANG_ANALYZER_NUMBER_OBJECT_CONVERSION = YES_AGGRESSIVE;
				CLANG_CXX_LANGUAGE_STANDARD = "gnu++14";
				CLANG_CXX_LIBRARY = "libc++";
				CLANG_ENABLE_MODULES = YES;
				CLANG_ENABLE_OBJC_ARC = YES;
				CLANG_ENABLE_OBJC_WEAK = YES;
				CLANG_WARN_BLOCK_CAPTURE_AUTORELEASING = YES;
				CLANG_WARN_BOOL_CONVERSION = YES;
				CLANG_WARN_COMMA = YES;
				CLANG_WARN_CONSTANT_CONVERSION = YES;
				CLANG_WARN_DEPRECATED_OBJC_IMPLEMENTATIONS = YES;
				CLANG_WARN_DIRECT_OBJC_ISA_USAGE = YES_ERROR;
				CLANG_WARN_DOCUMENTATION_COMMENTS = YES;
				CLANG_WARN_EMPTY_BODY = YES;
				CLANG_WARN_ENUM_CONVERSION = YES;
				CLANG_WARN_INFINITE_RECURSION = YES;
				CLANG_WARN_INT_CONVERSION = YES;
				CLANG_WARN_NON_LITERAL_NULL_CONVERSION = YES;
				CLANG_WARN_OBJC_IMPLICIT_RETAIN_SELF = YES;
				CLANG_WARN_OBJC_LITERAL_CONVERSION = YES;
				CLANG_WARN_OBJC_ROOT_CLASS = YES_ERROR;
				CLANG_WARN_QUOTED_INCLUDE_IN_FRAMEWORK_HEADER = YES;
				CLANG_WARN_RANGE_LOOP_ANALYSIS = YES;
				CLANG_WARN_STRICT_PROTOTYPES = YES;
				CLANG_WARN_SUSPICIOUS_MOVE = YES;
				CLANG_WARN_UNGUARDED_AVAILABILITY = YES_AGGRESSIVE;
				CLANG_WARN_UNREACHABLE_CODE = YES;
				CLANG_WARN__DUPLICATE_METHOD_MATCH = YES;
				COPY_PHASE_STRIP = NO;
				DEBUG_INFORMATION_FORMAT = "dwarf-with-dsym";
				ENABLE_NS_ASSERTIONS = NO;
				ENABLE_STRICT_OBJC_MSGSEND = YES;
				GCC_C_LANGUAGE_STANDARD = gnu11;
				GCC_NO_COMMON_BLOCKS = YES;
				GCC_WARN_64_TO_32_BIT_CONVERSION = YES;
				GCC_WARN_ABOUT_RETURN_TYPE = YES_ERROR;
				GCC_WARN_UNDECLARED_SELECTOR = YES;
				GCC_WARN_UNINITIALIZED_AUTOS = YES_AGGRESSIVE;
				GCC_WARN_UNUSED_FUNCTION = YES;
				GCC_WARN_UNUSED_VARIABLE = YES;
				IPHONEOS_DEPLOYMENT_TARGET = 13.4;
				MTL_ENABLE_DEBUG_INFO = NO;
				MTL_FAST_MATH = YES;
				SDKROOT = iphoneos;
				VALIDATE_PRODUCT = YES;
			};
			name = Release;
		};
		0BC78B47248F77EA0037F815 /* Debug */ = {
			isa = XCBuildConfiguration;
			buildSettings = {
				ASSETCATALOG_COMPILER_APPICON_NAME = AppIcon;
				CLANG_ENABLE_MODULES = YES;
				CODE_SIGN_ENTITLEMENTS = Snippets/Snippets.entitlements;
				CODE_SIGN_STYLE = Automatic;
				DEVELOPMENT_TEAM = F63A6QRT8J;
				INFOPLIST_FILE = Snippets/Info.plist;
				LD_RUNPATH_SEARCH_PATHS = (
					"$(inherited)",
					"@executable_path/Frameworks",
				);
				PRODUCT_BUNDLE_IDENTIFIER = com.walker.Snippets;
				PRODUCT_NAME = "$(TARGET_NAME)";
				SWIFT_OPTIMIZATION_LEVEL = "-Onone";
				SWIFT_VERSION = 5.0;
				TARGETED_DEVICE_FAMILY = "1,2";
			};
			name = Debug;
		};
		0BC78B48248F77EA0037F815 /* Release */ = {
			isa = XCBuildConfiguration;
			buildSettings = {
				ASSETCATALOG_COMPILER_APPICON_NAME = AppIcon;
				CLANG_ENABLE_MODULES = YES;
				CODE_SIGN_ENTITLEMENTS = Snippets/Snippets.entitlements;
				CODE_SIGN_STYLE = Automatic;
				DEVELOPMENT_TEAM = F63A6QRT8J;
				INFOPLIST_FILE = Snippets/Info.plist;
				LD_RUNPATH_SEARCH_PATHS = (
					"$(inherited)",
					"@executable_path/Frameworks",
				);
				PRODUCT_BUNDLE_IDENTIFIER = com.walker.Snippets;
				PRODUCT_NAME = "$(TARGET_NAME)";
				SWIFT_VERSION = 5.0;
				TARGETED_DEVICE_FAMILY = "1,2";
			};
			name = Release;
		};
		0BC78B4A248F77EA0037F815 /* Debug */ = {
			isa = XCBuildConfiguration;
			buildSettings = {
				BUNDLE_LOADER = "$(TEST_HOST)";
				CODE_SIGN_STYLE = Automatic;
				DEVELOPMENT_TEAM = F63A6QRT8J;
				INFOPLIST_FILE = SnippetsTests/Info.plist;
				IPHONEOS_DEPLOYMENT_TARGET = 13.4;
				LD_RUNPATH_SEARCH_PATHS = (
					"$(inherited)",
					"@executable_path/Frameworks",
					"@loader_path/Frameworks",
				);
				PRODUCT_BUNDLE_IDENTIFIER = com.walker.SnippetsTests;
				PRODUCT_NAME = "$(TARGET_NAME)";
				TARGETED_DEVICE_FAMILY = "1,2";
				TEST_HOST = "$(BUILT_PRODUCTS_DIR)/Snippets.app/Snippets";
			};
			name = Debug;
		};
		0BC78B4B248F77EA0037F815 /* Release */ = {
			isa = XCBuildConfiguration;
			buildSettings = {
				BUNDLE_LOADER = "$(TEST_HOST)";
				CODE_SIGN_STYLE = Automatic;
				DEVELOPMENT_TEAM = F63A6QRT8J;
				INFOPLIST_FILE = SnippetsTests/Info.plist;
				IPHONEOS_DEPLOYMENT_TARGET = 13.4;
				LD_RUNPATH_SEARCH_PATHS = (
					"$(inherited)",
					"@executable_path/Frameworks",
					"@loader_path/Frameworks",
				);
				PRODUCT_BUNDLE_IDENTIFIER = com.walker.SnippetsTests;
				PRODUCT_NAME = "$(TARGET_NAME)";
				TARGETED_DEVICE_FAMILY = "1,2";
				TEST_HOST = "$(BUILT_PRODUCTS_DIR)/Snippets.app/Snippets";
			};
			name = Release;
		};
		0BC78B4D248F77EA0037F815 /* Debug */ = {
			isa = XCBuildConfiguration;
			buildSettings = {
				CODE_SIGN_STYLE = Automatic;
				DEVELOPMENT_TEAM = F63A6QRT8J;
				INFOPLIST_FILE = SnippetsUITests/Info.plist;
				LD_RUNPATH_SEARCH_PATHS = (
					"$(inherited)",
					"@executable_path/Frameworks",
					"@loader_path/Frameworks",
				);
				PRODUCT_BUNDLE_IDENTIFIER = com.walker.SnippetsUITests;
				PRODUCT_NAME = "$(TARGET_NAME)";
				TARGETED_DEVICE_FAMILY = "1,2";
				TEST_TARGET_NAME = Snippets;
			};
			name = Debug;
		};
		0BC78B4E248F77EA0037F815 /* Release */ = {
			isa = XCBuildConfiguration;
			buildSettings = {
				CODE_SIGN_STYLE = Automatic;
				DEVELOPMENT_TEAM = F63A6QRT8J;
				INFOPLIST_FILE = SnippetsUITests/Info.plist;
				LD_RUNPATH_SEARCH_PATHS = (
					"$(inherited)",
					"@executable_path/Frameworks",
					"@loader_path/Frameworks",
				);
				PRODUCT_BUNDLE_IDENTIFIER = com.walker.SnippetsUITests;
				PRODUCT_NAME = "$(TARGET_NAME)";
				TARGETED_DEVICE_FAMILY = "1,2";
				TEST_TARGET_NAME = Snippets;
			};
			name = Release;
		};
/* End XCBuildConfiguration section */

/* Begin XCConfigurationList section */
		0BC78B12248F77E30037F815 /* Build configuration list for PBXProject "Snippets" */ = {
			isa = XCConfigurationList;
			buildConfigurations = (
				0BC78B44248F77EA0037F815 /* Debug */,
				0BC78B45248F77EA0037F815 /* Release */,
			);
			defaultConfigurationIsVisible = 0;
			defaultConfigurationName = Release;
		};
		0BC78B46248F77EA0037F815 /* Build configuration list for PBXNativeTarget "Snippets" */ = {
			isa = XCConfigurationList;
			buildConfigurations = (
				0BC78B47248F77EA0037F815 /* Debug */,
				0BC78B48248F77EA0037F815 /* Release */,
			);
			defaultConfigurationIsVisible = 0;
			defaultConfigurationName = Release;
		};
		0BC78B49248F77EA0037F815 /* Build configuration list for PBXNativeTarget "SnippetsTests" */ = {
			isa = XCConfigurationList;
			buildConfigurations = (
				0BC78B4A248F77EA0037F815 /* Debug */,
				0BC78B4B248F77EA0037F815 /* Release */,
			);
			defaultConfigurationIsVisible = 0;
			defaultConfigurationName = Release;
		};
		0BC78B4C248F77EA0037F815 /* Build configuration list for PBXNativeTarget "SnippetsUITests" */ = {
			isa = XCConfigurationList;
			buildConfigurations = (
				0BC78B4D248F77EA0037F815 /* Debug */,
				0BC78B4E248F77EA0037F815 /* Release */,
			);
			defaultConfigurationIsVisible = 0;
			defaultConfigurationName = Release;
		};
/* End XCConfigurationList section */

/* Begin XCVersionGroup section */
		157A8BE5273A5B78008FCDC4 /* Snippets.xcdatamodeld */ = {
			isa = XCVersionGroup;
			children = (
				157A8BE6273A5B78008FCDC4 /* Snippets.xcdatamodel */,
			);
			currentVersion = 157A8BE6273A5B78008FCDC4 /* Snippets.xcdatamodel */;
			path = Snippets.xcdatamodeld;
			sourceTree = "<group>";
			versionGroupType = wrapper.xcdatamodel;
		};
/* End XCVersionGroup section */
	};
	rootObject = 0BC78B0F248F77E30037F815 /* Project object */;
}
