// !$*UTF8*$!
{
	archiveVersion = 1;
	classes = {
	};
	objectVersion = 46;
	objects = {

/* Begin PBXBuildFile section */
		C9A81D6B1E272B4300BE4CC3 /* moveImage.png in Resources */ = {isa = PBXBuildFile; fileRef = C9A81D681E272B4300BE4CC3 /* moveImage.png */; };
		C9A81D6C1E272B4300BE4CC3 /* WRScanerView.m in Sources */ = {isa = PBXBuildFile; fileRef = C9A81D6A1E272B4300BE4CC3 /* WRScanerView.m */; };
		C9B4FCEE1E2627E8005F92AE /* main.m in Sources */ = {isa = PBXBuildFile; fileRef = C9B4FCED1E2627E8005F92AE /* main.m */; };
		C9B4FCF11E2627E8005F92AE /* AppDelegate.m in Sources */ = {isa = PBXBuildFile; fileRef = C9B4FCF01E2627E8005F92AE /* AppDelegate.m */; };
		C9B4FCF41E2627E8005F92AE /* ViewController.m in Sources */ = {isa = PBXBuildFile; fileRef = C9B4FCF31E2627E8005F92AE /* ViewController.m */; };
		C9B4FCF71E2627E8005F92AE /* Main.storyboard in Resources */ = {isa = PBXBuildFile; fileRef = C9B4FCF51E2627E8005F92AE /* Main.storyboard */; };
		C9B4FCF91E2627E8005F92AE /* Assets.xcassets in Resources */ = {isa = PBXBuildFile; fileRef = C9B4FCF81E2627E8005F92AE /* Assets.xcassets */; };
		C9B4FCFC1E2627E8005F92AE /* LaunchScreen.storyboard in Resources */ = {isa = PBXBuildFile; fileRef = C9B4FCFA1E2627E8005F92AE /* LaunchScreen.storyboard */; };
/* End PBXBuildFile section */

/* Begin PBXFileReference section */
		C9A81D681E272B4300BE4CC3 /* moveImage.png */ = {isa = PBXFileReference; lastKnownFileType = image.png; path = moveImage.png; sourceTree = "<group>"; };
		C9A81D691E272B4300BE4CC3 /* WRScanerView.h */ = {isa = PBXFileReference; fileEncoding = 4; lastKnownFileType = sourcecode.c.h; path = WRScanerView.h; sourceTree = "<group>"; };
		C9A81D6A1E272B4300BE4CC3 /* WRScanerView.m */ = {isa = PBXFileReference; fileEncoding = 4; lastKnownFileType = sourcecode.c.objc; path = WRScanerView.m; sourceTree = "<group>"; };
		C9B4FCE91E2627E8005F92AE /* ScanerDemo.app */ = {isa = PBXFileReference; explicitFileType = wrapper.application; includeInIndex = 0; path = ScanerDemo.app; sourceTree = BUILT_PRODUCTS_DIR; };
		C9B4FCED1E2627E8005F92AE /* main.m */ = {isa = PBXFileReference; lastKnownFileType = sourcecode.c.objc; path = main.m; sourceTree = "<group>"; };
		C9B4FCEF1E2627E8005F92AE /* AppDelegate.h */ = {isa = PBXFileReference; lastKnownFileType = sourcecode.c.h; path = AppDelegate.h; sourceTree = "<group>"; };
		C9B4FCF01E2627E8005F92AE /* AppDelegate.m */ = {isa = PBXFileReference; lastKnownFileType = sourcecode.c.objc; path = AppDelegate.m; sourceTree = "<group>"; };
		C9B4FCF21E2627E8005F92AE /* ViewController.h */ = {isa = PBXFileReference; lastKnownFileType = sourcecode.c.h; path = ViewController.h; sourceTree = "<group>"; };
		C9B4FCF31E2627E8005F92AE /* ViewController.m */ = {isa = PBXFileReference; lastKnownFileType = sourcecode.c.objc; path = ViewController.m; sourceTree = "<group>"; };
		C9B4FCF61E2627E8005F92AE /* Base */ = {isa = PBXFileReference; lastKnownFileType = file.storyboard; name = Base; path = Base.lproj/Main.storyboard; sourceTree = "<group>"; };
		C9B4FCF81E2627E8005F92AE /* Assets.xcassets */ = {isa = PBXFileReference; lastKnownFileType = folder.assetcatalog; path = Assets.xcassets; sourceTree = "<group>"; };
		C9B4FCFB1E2627E8005F92AE /* Base */ = {isa = PBXFileReference; lastKnownFileType = file.storyboard; name = Base; path = Base.lproj/LaunchScreen.storyboard; sourceTree = "<group>"; };
		C9B4FCFD1E2627E8005F92AE /* Info.plist */ = {isa = PBXFileReference; lastKnownFileType = text.plist.xml; path = Info.plist; sourceTree = "<group>"; };
/* End PBXFileReference section */

/* Begin PBXFrameworksBuildPhase section */
		C9B4FCE61E2627E8005F92AE /* Frameworks */ = {
			isa = PBXFrameworksBuildPhase;
			buildActionMask = 2147483647;
			files = (
			);
			runOnlyForDeploymentPostprocessing = 0;
		};
/* End PBXFrameworksBuildPhase section */

/* Begin PBXGroup section */
		C9A81D671E272B4300BE4CC3 /* scanView */ = {
			isa = PBXGroup;
			children = (
				C9A81D681E272B4300BE4CC3 /* moveImage.png */,
				C9A81D691E272B4300BE4CC3 /* WRScanerView.h */,
				C9A81D6A1E272B4300BE4CC3 /* WRScanerView.m */,
			);
			path = scanView;
			sourceTree = "<group>";
		};
		C9B4FCE01E2627E8005F92AE = {
			isa = PBXGroup;
			children = (
				C9B4FCEB1E2627E8005F92AE /* ScanerDemo */,
				C9B4FCEA1E2627E8005F92AE /* Products */,
			);
			sourceTree = "<group>";
		};
		C9B4FCEA1E2627E8005F92AE /* Products */ = {
			isa = PBXGroup;
			children = (
				C9B4FCE91E2627E8005F92AE /* ScanerDemo.app */,
			);
			name = Products;
			sourceTree = "<group>";
		};
		C9B4FCEB1E2627E8005F92AE /* ScanerDemo */ = {
			isa = PBXGroup;
			children = (
				C9A81D671E272B4300BE4CC3 /* scanView */,
				C9B4FCEF1E2627E8005F92AE /* AppDelegate.h */,
				C9B4FCF01E2627E8005F92AE /* AppDelegate.m */,
				C9B4FCF21E2627E8005F92AE /* ViewController.h */,
				C9B4FCF31E2627E8005F92AE /* ViewController.m */,
				C9B4FCF51E2627E8005F92AE /* Main.storyboard */,
				C9B4FCF81E2627E8005F92AE /* Assets.xcassets */,
				C9B4FCFA1E2627E8005F92AE /* LaunchScreen.storyboard */,
				C9B4FCFD1E2627E8005F92AE /* Info.plist */,
				C9B4FCEC1E2627E8005F92AE /* Supporting Files */,
			);
			path = ScanerDemo;
			sourceTree = "<group>";
		};
		C9B4FCEC1E2627E8005F92AE /* Supporting Files */ = {
			isa = PBXGroup;
			children = (
				C9B4FCED1E2627E8005F92AE /* main.m */,
			);
			name = "Supporting Files";
			sourceTree = "<group>";
		};
/* End PBXGroup section */

/* Begin PBXNativeTarget section */
		C9B4FCE81E2627E8005F92AE /* ScanerDemo */ = {
			isa = PBXNativeTarget;
			buildConfigurationList = C9B4FD001E2627E8005F92AE /* Build configuration list for PBXNativeTarget "ScanerDemo" */;
			buildPhases = (
				C9B4FCE51E2627E8005F92AE /* Sources */,
				C9B4FCE61E2627E8005F92AE /* Frameworks */,
				C9B4FCE71E2627E8005F92AE /* Resources */,
			);
			buildRules = (
			);
			dependencies = (
			);
			name = ScanerDemo;
			productName = ScanerDemo;
			productReference = C9B4FCE91E2627E8005F92AE /* ScanerDemo.app */;
			productType = "com.apple.product-type.application";
		};
/* End PBXNativeTarget section */

/* Begin PBXProject section */
		C9B4FCE11E2627E8005F92AE /* Project object */ = {
			isa = PBXProject;
			attributes = {
				LastUpgradeCheck = 0820;
				ORGANIZATIONNAME = Walker;
				TargetAttributes = {
					C9B4FCE81E2627E8005F92AE = {
						CreatedOnToolsVersion = 8.2.1;
						DevelopmentTeam = F63A6QRT8J;
						ProvisioningStyle = Automatic;
					};
				};
			};
			buildConfigurationList = C9B4FCE41E2627E8005F92AE /* Build configuration list for PBXProject "ScanerDemo" */;
			compatibilityVersion = "Xcode 3.2";
			developmentRegion = English;
			hasScannedForEncodings = 0;
			knownRegions = (
				en,
				Base,
			);
			mainGroup = C9B4FCE01E2627E8005F92AE;
			productRefGroup = C9B4FCEA1E2627E8005F92AE /* Products */;
			projectDirPath = "";
			projectRoot = "";
			targets = (
				C9B4FCE81E2627E8005F92AE /* ScanerDemo */,
			);
		};
/* End PBXProject section */

/* Begin PBXResourcesBuildPhase section */
		C9B4FCE71E2627E8005F92AE /* Resources */ = {
			isa = PBXResourcesBuildPhase;
			buildActionMask = 2147483647;
			files = (
				C9A81D6B1E272B4300BE4CC3 /* moveImage.png in Resources */,
				C9B4FCFC1E2627E8005F92AE /* LaunchScreen.storyboard in Resources */,
				C9B4FCF91E2627E8005F92AE /* Assets.xcassets in Resources */,
				C9B4FCF71E2627E8005F92AE /* Main.storyboard in Resources */,
			);
			runOnlyForDeploymentPostprocessing = 0;
		};
/* End PBXResourcesBuildPhase section */

/* Begin PBXSourcesBuildPhase section */
		C9B4FCE51E2627E8005F92AE /* Sources */ = {
			isa = PBXSourcesBuildPhase;
			buildActionMask = 2147483647;
			files = (
				C9B4FCF41E2627E8005F92AE /* ViewController.m in Sources */,
				C9A81D6C1E272B4300BE4CC3 /* WRScanerView.m in Sources */,
				C9B4FCF11E2627E8005F92AE /* AppDelegate.m in Sources */,
				C9B4FCEE1E2627E8005F92AE /* main.m in Sources */,
			);
			runOnlyForDeploymentPostprocessing = 0;
		};
/* End PBXSourcesBuildPhase section */

/* Begin PBXVariantGroup section */
		C9B4FCF51E2627E8005F92AE /* Main.storyboard */ = {
			isa = PBXVariantGroup;
			children = (
				C9B4FCF61E2627E8005F92AE /* Base */,
			);
			name = Main.storyboard;
			sourceTree = "<group>";
		};
		C9B4FCFA1E2627E8005F92AE /* LaunchScreen.storyboard */ = {
			isa = PBXVariantGroup;
			children = (
				C9B4FCFB1E2627E8005F92AE /* Base */,
			);
			name = LaunchScreen.storyboard;
			sourceTree = "<group>";
		};
/* End PBXVariantGroup section */

/* Begin XCBuildConfiguration section */
		C9B4FCFE1E2627E8005F92AE /* Debug */ = {
			isa = XCBuildConfiguration;
			buildSettings = {
				ALWAYS_SEARCH_USER_PATHS = NO;
				CLANG_ANALYZER_NONNULL = YES;
				CLANG_CXX_LANGUAGE_STANDARD = "gnu++0x";
				CLANG_CXX_LIBRARY = "libc++";
				CLANG_ENABLE_MODULES = YES;
				CLANG_ENABLE_OBJC_ARC = YES;
				CLANG_WARN_BOOL_CONVERSION = YES;
				CLANG_WARN_CONSTANT_CONVERSION = YES;
				CLANG_WARN_DIRECT_OBJC_ISA_USAGE = YES_ERROR;
				CLANG_WARN_DOCUMENTATION_COMMENTS = YES;
				CLANG_WARN_EMPTY_BODY = YES;
				CLANG_WARN_ENUM_CONVERSION = YES;
				CLANG_WARN_INFINITE_RECURSION = YES;
				CLANG_WARN_INT_CONVERSION = YES;
				CLANG_WARN_OBJC_ROOT_CLASS = YES_ERROR;
				CLANG_WARN_SUSPICIOUS_MOVE = YES;
				CLANG_WARN_UNREACHABLE_CODE = YES;
				CLANG_WARN__DUPLICATE_METHOD_MATCH = YES;
				"CODE_SIGN_IDENTITY[sdk=iphoneos*]" = "iPhone Developer";
				COPY_PHASE_STRIP = NO;
				DEBUG_INFORMATION_FORMAT = dwarf;
				ENABLE_STRICT_OBJC_MSGSEND = YES;
				ENABLE_TESTABILITY = YES;
				GCC_C_LANGUAGE_STANDARD = gnu99;
				GCC_DYNAMIC_NO_PIC = NO;
				GCC_NO_COMMON_BLOCKS = YES;
				GCC_OPTIMIZATION_LEVEL = 0;
				GCC_PREPROCESSOR_DEFINITIONS = (
					"DEBUG=1",
					"$(inherited)",
				);
				GCC_WARN_64_TO_32_BIT_CONVERSION = YES;
				GCC_WARN_ABOUT_RETURN_TYPE = YES_ERROR;
				GCC_WARN_UNDECLARED_SELECTOR = YES;
				GCC_WARN_UNINITIALIZED_AUTOS = YES_AGGRESSIVE;
				GCC_WARN_UNUSED_FUNCTION = YES;
				GCC_WARN_UNUSED_VARIABLE = YES;
				IPHONEOS_DEPLOYMENT_TARGET = 10.2;
				MTL_ENABLE_DEBUG_INFO = YES;
				ONLY_ACTIVE_ARCH = YES;
				SDKROOT = iphoneos;
				TARGETED_DEVICE_FAMILY = "1,2";
			};
			name = Debug;
		};
		C9B4FCFF1E2627E8005F92AE /* Release */ = {
			isa = XCBuildConfiguration;
			buildSettings = {
				ALWAYS_SEARCH_USER_PATHS = NO;
				CLANG_ANALYZER_NONNULL = YES;
				CLANG_CXX_LANGUAGE_STANDARD = "gnu++0x";
				CLANG_CXX_LIBRARY = "libc++";
				CLANG_ENABLE_MODULES = YES;
				CLANG_ENABLE_OBJC_ARC = YES;
				CLANG_WARN_BOOL_CONVERSION = YES;
				CLANG_WARN_CONSTANT_CONVERSION = YES;
				CLANG_WARN_DIRECT_OBJC_ISA_USAGE = YES_ERROR;
				CLANG_WARN_DOCUMENTATION_COMMENTS = YES;
				CLANG_WARN_EMPTY_BODY = YES;
				CLANG_WARN_ENUM_CONVERSION = YES;
				CLANG_WARN_INFINITE_RECURSION = YES;
				CLANG_WARN_INT_CONVERSION = YES;
				CLANG_WARN_OBJC_ROOT_CLASS = YES_ERROR;
				CLANG_WARN_SUSPICIOUS_MOVE = YES;
				CLANG_WARN_UNREACHABLE_CODE = YES;
				CLANG_WARN__DUPLICATE_METHOD_MATCH = YES;
				"CODE_SIGN_IDENTITY[sdk=iphoneos*]" = "iPhone Developer";
				COPY_PHASE_STRIP = NO;
				DEBUG_INFORMATION_FORMAT = "dwarf-with-dsym";
				ENABLE_NS_ASSERTIONS = NO;
				ENABLE_STRICT_OBJC_MSGSEND = YES;
				GCC_C_LANGUAGE_STANDARD = gnu99;
				GCC_NO_COMMON_BLOCKS = YES;
				GCC_WARN_64_TO_32_BIT_CONVERSION = YES;
				GCC_WARN_ABOUT_RETURN_TYPE = YES_ERROR;
				GCC_WARN_UNDECLARED_SELECTOR = YES;
				GCC_WARN_UNINITIALIZED_AUTOS = YES_AGGRESSIVE;
				GCC_WARN_UNUSED_FUNCTION = YES;
				GCC_WARN_UNUSED_VARIABLE = YES;
				IPHONEOS_DEPLOYMENT_TARGET = 10.2;
				MTL_ENABLE_DEBUG_INFO = NO;
				SDKROOT = iphoneos;
				TARGETED_DEVICE_FAMILY = "1,2";
				VALIDATE_PRODUCT = YES;
			};
			name = Release;
		};
		C9B4FD011E2627E8005F92AE /* Debug */ = {
			isa = XCBuildConfiguration;
			buildSettings = {
				ASSETCATALOG_COMPILER_APPICON_NAME = AppIcon;
				DEVELOPMENT_TEAM = F63A6QRT8J;
				INFOPLIST_FILE = ScanerDemo/Info.plist;
				LD_RUNPATH_SEARCH_PATHS = "$(inherited) @executable_path/Frameworks";
				PRODUCT_BUNDLE_IDENTIFIER = oneRoad.ScanerDemo;
				PRODUCT_NAME = "$(TARGET_NAME)";
			};
			name = Debug;
		};
		C9B4FD021E2627E8005F92AE /* Release */ = {
			isa = XCBuildConfiguration;
			buildSettings = {
				ASSETCATALOG_COMPILER_APPICON_NAME = AppIcon;
				DEVELOPMENT_TEAM = F63A6QRT8J;
				INFOPLIST_FILE = ScanerDemo/Info.plist;
				LD_RUNPATH_SEARCH_PATHS = "$(inherited) @executable_path/Frameworks";
				PRODUCT_BUNDLE_IDENTIFIER = oneRoad.ScanerDemo;
				PRODUCT_NAME = "$(TARGET_NAME)";
			};
			name = Release;
		};
/* End XCBuildConfiguration section */

/* Begin XCConfigurationList section */
		C9B4FCE41E2627E8005F92AE /* Build configuration list for PBXProject "ScanerDemo" */ = {
			isa = XCConfigurationList;
			buildConfigurations = (
				C9B4FCFE1E2627E8005F92AE /* Debug */,
				C9B4FCFF1E2627E8005F92AE /* Release */,
			);
			defaultConfigurationIsVisible = 0;
			defaultConfigurationName = Release;
		};
		C9B4FD001E2627E8005F92AE /* Build configuration list for PBXNativeTarget "ScanerDemo" */ = {
			isa = XCConfigurationList;
			buildConfigurations = (
				C9B4FD011E2627E8005F92AE /* Debug */,
				C9B4FD021E2627E8005F92AE /* Release */,
			);
			defaultConfigurationIsVisible = 0;
			defaultConfigurationName = Release;
		};
/* End XCConfigurationList section */
	};
	rootObject = C9B4FCE11E2627E8005F92AE /* Project object */;
}
